// !$*UTF8*$!
{
	archiveVersion = 1;
	classes = {
	};
	objectVersion = 46;
	objects = {

/* Begin PBXBuildFile section */
		780CE859C439FF232AC4B784 /* libPods-DICETests.a in Frameworks */ = {isa = PBXBuildFile; fileRef = 5EC182CE7857459FD4736E05 /* libPods-DICETests.a */; };
		7D0B49171A0D489D0044236B /* CoreData.framework in Frameworks */ = {isa = PBXBuildFile; fileRef = 7D0B49161A0D489D0044236B /* CoreData.framework */; };
		7D0B49191A0D48CF0044236B /* CFNetwork.framework in Frameworks */ = {isa = PBXBuildFile; fileRef = 7D0B49181A0D48CF0044236B /* CFNetwork.framework */; };
		7D0B491B1A0D48FB0044236B /* Security.framework in Frameworks */ = {isa = PBXBuildFile; fileRef = 7D0B491A1A0D48FB0044236B /* Security.framework */; };
		7D0B491D1A0D49610044236B /* libicucore.dylib in Frameworks */ = {isa = PBXBuildFile; fileRef = 7D0B491C1A0D49610044236B /* libicucore.dylib */; };
		7D0B491F1A0D49790044236B /* libsqlite3.dylib in Frameworks */ = {isa = PBXBuildFile; fileRef = 7D0B491E1A0D49790044236B /* libsqlite3.dylib */; };
		7D0B49211A0D49B50044236B /* OpenGLES.framework in Frameworks */ = {isa = PBXBuildFile; fileRef = 7D0B49201A0D49B50044236B /* OpenGLES.framework */; };
		7D0B9A2A1ACDAAC400359E7D /* MainStoryboard-iPad.storyboard in Resources */ = {isa = PBXBuildFile; fileRef = 7D0B9A291ACDAAC400359E7D /* MainStoryboard-iPad.storyboard */; };
		7D1432531B165B990003DD53 /* ReportStoreSpec.m in Sources */ = {isa = PBXBuildFile; fileRef = 7D1432521B165B990003DD53 /* ReportStoreSpec.m */; };
		7D1432561B20B8660003DD53 /* UnzipOperation.m in Sources */ = {isa = PBXBuildFile; fileRef = 7D1432551B20B8660003DD53 /* UnzipOperation.m */; };
		7D1432591B20BA440003DD53 /* HtmlReportType.m in Sources */ = {isa = PBXBuildFile; fileRef = 7D1432581B20BA440003DD53 /* HtmlReportType.m */; };
		7D172A6C1A2E59E1001EF965 /* DICENavigationController.m in Sources */ = {isa = PBXBuildFile; fileRef = 7D172A6B1A2E59E1001EF965 /* DICENavigationController.m */; };
		7D2FBD191A1C098E003D9946 /* ReportCollectionViewController.m in Sources */ = {isa = PBXBuildFile; fileRef = 7D2FBD181A1C098E003D9946 /* ReportCollectionViewController.m */; };
		7D3E07921B6142250077ABCA /* DeleteFileOperation.m in Sources */ = {isa = PBXBuildFile; fileRef = 7D3E07911B6142250077ABCA /* DeleteFileOperation.m */; };
		7D3E07951B61449F0077ABCA /* BaseImportProcess.m in Sources */ = {isa = PBXBuildFile; fileRef = 7D3E07941B61449F0077ABCA /* BaseImportProcess.m */; };
		7D4E1C521A1F94A5002762B3 /* ResourceTypesTests.m in Sources */ = {isa = PBXBuildFile; fileRef = 7D4E1C511A1F94A5002762B3 /* ResourceTypesTests.m */; };
		7D4E1C551A1FAB44002762B3 /* ReportResourceViewController.m in Sources */ = {isa = PBXBuildFile; fileRef = 7D4E1C541A1FAB44002762B3 /* ReportResourceViewController.m */; };
		7D75FBFA1A852C9400CA05D4 /* ne_50m-110m_land.geojson in Resources */ = {isa = PBXBuildFile; fileRef = 7D75FBF91A852C9400CA05D4 /* ne_50m-110m_land.geojson */; };
		7D75FC121A85603800CA05D4 /* attributions in Resources */ = {isa = PBXBuildFile; fileRef = 7D75FC111A85603800CA05D4 /* attributions */; };
		7D75FC141A8560BD00CA05D4 /* Images.xcassets in Resources */ = {isa = PBXBuildFile; fileRef = 7D75FC131A8560BD00CA05D4 /* Images.xcassets */; };
		7DA393F01A1EA09000DE9649 /* ResourceTypes.m in Sources */ = {isa = PBXBuildFile; fileRef = 7DA393EF1A1EA09000DE9649 /* ResourceTypes.m */; };
		7DA706B71A158E3800B558EC /* MobileCoreServices.framework in Frameworks */ = {isa = PBXBuildFile; fileRef = 7DA706B61A158E3800B558EC /* MobileCoreServices.framework */; };
		7DE513091B0E8A1C0023F1D5 /* ReportStore.m in Sources */ = {isa = PBXBuildFile; fileRef = 7DE513081B0E8A1C0023F1D5 /* ReportStore.m */; };
		7DE5130B1B0F65EF0023F1D5 /* HtmlReportTypeSpec.m in Sources */ = {isa = PBXBuildFile; fileRef = 7DE5130A1B0F65EF0023F1D5 /* HtmlReportTypeSpec.m */; };
		7DF1E24E1ACEF02D001EA27E /* MainStoryboard-iPhone.storyboard in Resources */ = {isa = PBXBuildFile; fileRef = 7DF1E24D1ACEF02D001EA27E /* MainStoryboard-iPhone.storyboard */; };
		7DF1E2511ACF14CE001EA27E /* SettingsViewController+SettingsViewController_iPhone.m in Sources */ = {isa = PBXBuildFile; fileRef = 7DF1E2501ACF14CE001EA27E /* SettingsViewController+SettingsViewController_iPhone.m */; };
		AC699E8B14383058C8CF7C9D /* libPods.a in Frameworks */ = {isa = PBXBuildFile; fileRef = B73CA51504D8A8B497186523 /* libPods.a */; };
		E32C6C2D17D7C1AB00D694C5 /* libz.dylib in Frameworks */ = {isa = PBXBuildFile; fileRef = E32C6C2C17D7C1AB00D694C5 /* libz.dylib */; };
		E337BCC21811AD7B00D987F9 /* Report.m in Sources */ = {isa = PBXBuildFile; fileRef = E337BCC11811AD7B00D987F9 /* Report.m */; };
		E39D830019DC643D008357DF /* Icon-76@2x.png in Resources */ = {isa = PBXBuildFile; fileRef = E39D82FF19DC643D008357DF /* Icon-76@2x.png */; };
		E39D834C19DF2B95008357DF /* ReaderAppDelegate.m in Sources */ = {isa = PBXBuildFile; fileRef = E39D830419DF2B95008357DF /* ReaderAppDelegate.m */; };
		E39D834D19DF2B95008357DF /* ReaderBookDelegate.m in Sources */ = {isa = PBXBuildFile; fileRef = E39D830619DF2B95008357DF /* ReaderBookDelegate.m */; };
		E39D834E19DF2B95008357DF /* ReaderDemoController.m in Sources */ = {isa = PBXBuildFile; fileRef = E39D830819DF2B95008357DF /* ReaderDemoController.m */; };
		E39D834F19DF2B95008357DF /* AppIcon-057.png in Resources */ = {isa = PBXBuildFile; fileRef = E39D830A19DF2B95008357DF /* AppIcon-057.png */; };
		E39D835019DF2B95008357DF /* AppIcon-072.png in Resources */ = {isa = PBXBuildFile; fileRef = E39D830B19DF2B95008357DF /* AppIcon-072.png */; };
		E39D835119DF2B95008357DF /* AppIcon-076.png in Resources */ = {isa = PBXBuildFile; fileRef = E39D830C19DF2B95008357DF /* AppIcon-076.png */; };
		E39D835219DF2B95008357DF /* AppIcon-114.png in Resources */ = {isa = PBXBuildFile; fileRef = E39D830D19DF2B95008357DF /* AppIcon-114.png */; };
		E39D835319DF2B95008357DF /* AppIcon-120.png in Resources */ = {isa = PBXBuildFile; fileRef = E39D830E19DF2B95008357DF /* AppIcon-120.png */; };
		E39D835419DF2B95008357DF /* AppIcon-144.png in Resources */ = {isa = PBXBuildFile; fileRef = E39D830F19DF2B95008357DF /* AppIcon-144.png */; };
		E39D835519DF2B95008357DF /* AppIcon-152.png in Resources */ = {isa = PBXBuildFile; fileRef = E39D831019DF2B95008357DF /* AppIcon-152.png */; };
		E39D835619DF2B95008357DF /* AppIcon-180.png in Resources */ = {isa = PBXBuildFile; fileRef = E39D831119DF2B95008357DF /* AppIcon-180.png */; };
		E39D835719DF2B95008357DF /* Default-568h@2x.png in Resources */ = {isa = PBXBuildFile; fileRef = E39D831219DF2B95008357DF /* Default-568h@2x.png */; };
		E39D835819DF2B95008357DF /* Reader-Button-H.png in Resources */ = {isa = PBXBuildFile; fileRef = E39D831319DF2B95008357DF /* Reader-Button-H.png */; };
		E39D835919DF2B95008357DF /* Reader-Button-H@2x.png in Resources */ = {isa = PBXBuildFile; fileRef = E39D831419DF2B95008357DF /* Reader-Button-H@2x.png */; };
		E39D835A19DF2B95008357DF /* Reader-Button-N.png in Resources */ = {isa = PBXBuildFile; fileRef = E39D831519DF2B95008357DF /* Reader-Button-N.png */; };
		E39D835B19DF2B95008357DF /* Reader-Button-N@2x.png in Resources */ = {isa = PBXBuildFile; fileRef = E39D831619DF2B95008357DF /* Reader-Button-N@2x.png */; };
		E39D835C19DF2B95008357DF /* Reader-Email.png in Resources */ = {isa = PBXBuildFile; fileRef = E39D831719DF2B95008357DF /* Reader-Email.png */; };
		E39D835D19DF2B95008357DF /* Reader-Email@2x.png in Resources */ = {isa = PBXBuildFile; fileRef = E39D831819DF2B95008357DF /* Reader-Email@2x.png */; };
		E39D835E19DF2B95008357DF /* Reader-Export.png in Resources */ = {isa = PBXBuildFile; fileRef = E39D831919DF2B95008357DF /* Reader-Export.png */; };
		E39D835F19DF2B95008357DF /* Reader-Export@2x.png in Resources */ = {isa = PBXBuildFile; fileRef = E39D831A19DF2B95008357DF /* Reader-Export@2x.png */; };
		E39D836019DF2B95008357DF /* Reader-Mark-N.png in Resources */ = {isa = PBXBuildFile; fileRef = E39D831B19DF2B95008357DF /* Reader-Mark-N.png */; };
		E39D836119DF2B95008357DF /* Reader-Mark-N@2x.png in Resources */ = {isa = PBXBuildFile; fileRef = E39D831C19DF2B95008357DF /* Reader-Mark-N@2x.png */; };
		E39D836219DF2B95008357DF /* Reader-Mark-Y.png in Resources */ = {isa = PBXBuildFile; fileRef = E39D831D19DF2B95008357DF /* Reader-Mark-Y.png */; };
		E39D836319DF2B95008357DF /* Reader-Mark-Y@2x.png in Resources */ = {isa = PBXBuildFile; fileRef = E39D831E19DF2B95008357DF /* Reader-Mark-Y@2x.png */; };
		E39D836419DF2B95008357DF /* Reader-Print.png in Resources */ = {isa = PBXBuildFile; fileRef = E39D831F19DF2B95008357DF /* Reader-Print.png */; };
		E39D836519DF2B95008357DF /* Reader-Print@2x.png in Resources */ = {isa = PBXBuildFile; fileRef = E39D832019DF2B95008357DF /* Reader-Print@2x.png */; };
		E39D836619DF2B95008357DF /* Reader-Thumbs.png in Resources */ = {isa = PBXBuildFile; fileRef = E39D832119DF2B95008357DF /* Reader-Thumbs.png */; };
		E39D836719DF2B95008357DF /* Reader-Thumbs@2x.png in Resources */ = {isa = PBXBuildFile; fileRef = E39D832219DF2B95008357DF /* Reader-Thumbs@2x.png */; };
		E39D836819DF2B95008357DF /* CGPDFDocument.m in Sources */ = {isa = PBXBuildFile; fileRef = E39D832519DF2B95008357DF /* CGPDFDocument.m */; };
		E39D836919DF2B95008357DF /* ReaderConstants.m in Sources */ = {isa = PBXBuildFile; fileRef = E39D832719DF2B95008357DF /* ReaderConstants.m */; };
		E39D836A19DF2B95008357DF /* ReaderContentPage.m in Sources */ = {isa = PBXBuildFile; fileRef = E39D832919DF2B95008357DF /* ReaderContentPage.m */; };
		E39D836B19DF2B95008357DF /* ReaderContentTile.m in Sources */ = {isa = PBXBuildFile; fileRef = E39D832B19DF2B95008357DF /* ReaderContentTile.m */; };
		E39D836C19DF2B95008357DF /* ReaderContentView.m in Sources */ = {isa = PBXBuildFile; fileRef = E39D832D19DF2B95008357DF /* ReaderContentView.m */; };
		E39D836D19DF2B95008357DF /* ReaderDocument.m in Sources */ = {isa = PBXBuildFile; fileRef = E39D832F19DF2B95008357DF /* ReaderDocument.m */; };
		E39D836E19DF2B95008357DF /* ReaderDocumentOutline.m in Sources */ = {isa = PBXBuildFile; fileRef = E39D833119DF2B95008357DF /* ReaderDocumentOutline.m */; };
		E39D836F19DF2B95008357DF /* ReaderMainPagebar.m in Sources */ = {isa = PBXBuildFile; fileRef = E39D833319DF2B95008357DF /* ReaderMainPagebar.m */; };
		E39D837019DF2B95008357DF /* ReaderMainToolbar.m in Sources */ = {isa = PBXBuildFile; fileRef = E39D833519DF2B95008357DF /* ReaderMainToolbar.m */; };
		E39D837119DF2B95008357DF /* ReaderThumbCache.m in Sources */ = {isa = PBXBuildFile; fileRef = E39D833719DF2B95008357DF /* ReaderThumbCache.m */; };
		E39D837219DF2B95008357DF /* ReaderThumbFetch.m in Sources */ = {isa = PBXBuildFile; fileRef = E39D833919DF2B95008357DF /* ReaderThumbFetch.m */; };
		E39D837319DF2B95008357DF /* ReaderThumbQueue.m in Sources */ = {isa = PBXBuildFile; fileRef = E39D833B19DF2B95008357DF /* ReaderThumbQueue.m */; };
		E39D837419DF2B95008357DF /* ReaderThumbRender.m in Sources */ = {isa = PBXBuildFile; fileRef = E39D833D19DF2B95008357DF /* ReaderThumbRender.m */; };
		E39D837519DF2B95008357DF /* ReaderThumbRequest.m in Sources */ = {isa = PBXBuildFile; fileRef = E39D833F19DF2B95008357DF /* ReaderThumbRequest.m */; };
		E39D837619DF2B95008357DF /* ReaderThumbsView.m in Sources */ = {isa = PBXBuildFile; fileRef = E39D834119DF2B95008357DF /* ReaderThumbsView.m */; };
		E39D837719DF2B95008357DF /* ReaderThumbView.m in Sources */ = {isa = PBXBuildFile; fileRef = E39D834319DF2B95008357DF /* ReaderThumbView.m */; };
		E39D837819DF2B95008357DF /* ReaderViewController.m in Sources */ = {isa = PBXBuildFile; fileRef = E39D834519DF2B95008357DF /* ReaderViewController.m */; };
		E39D837919DF2B95008357DF /* ThumbsMainToolbar.m in Sources */ = {isa = PBXBuildFile; fileRef = E39D834719DF2B95008357DF /* ThumbsMainToolbar.m */; };
		E39D837A19DF2B95008357DF /* ThumbsViewController.m in Sources */ = {isa = PBXBuildFile; fileRef = E39D834919DF2B95008357DF /* ThumbsViewController.m */; };
		E39D837B19DF2B95008357DF /* UIXToolbarView.m in Sources */ = {isa = PBXBuildFile; fileRef = E39D834B19DF2B95008357DF /* UIXToolbarView.m */; };
		E39D837E19DF3B8A008357DF /* PDFViewController.m in Sources */ = {isa = PBXBuildFile; fileRef = E39D837D19DF3B8A008357DF /* PDFViewController.m */; };
		E39DF1AA18C69DEB00B13D46 /* SettingsViewController.m in Sources */ = {isa = PBXBuildFile; fileRef = E39DF1A918C69DEB00B13D46 /* SettingsViewController.m */; };
		E3A5200118D7579700CE30DD /* ReportAPI.m in Sources */ = {isa = PBXBuildFile; fileRef = E3A5200018D7579700CE30DD /* ReportAPI.m */; };
		E3A73FC01855585200035C76 /* MapViewController.m in Sources */ = {isa = PBXBuildFile; fileRef = E3A73FBF1855585200035C76 /* MapViewController.m */; };
		E3A73FC3185559FC00035C76 /* ReportMapAnnotation.m in Sources */ = {isa = PBXBuildFile; fileRef = E3A73FC2185559FC00035C76 /* ReportMapAnnotation.m */; };
		E3A73FC518558F7A00035C76 /* MapKit.framework in Frameworks */ = {isa = PBXBuildFile; fileRef = E3A73FC418558F7A00035C76 /* MapKit.framework */; };
		E3AC40FB198ADA3900DE8F41 /* OfflineMapUtility.m in Sources */ = {isa = PBXBuildFile; fileRef = E3AC40FA198ADA3900DE8F41 /* OfflineMapUtility.m */; };
		E3AC40FF198ADCC700DE8F41 /* CoreLocation.framework in Frameworks */ = {isa = PBXBuildFile; fileRef = E3AC40FE198ADCC700DE8F41 /* CoreLocation.framework */; };
		E3B67F6A1A716A33000B7397 /* JavaScriptAPI.m in Sources */ = {isa = PBXBuildFile; fileRef = E3B67F691A716A33000B7397 /* JavaScriptAPI.m */; };
		E3BC6EE1192E7A7B00096EE5 /* ListViewController.m in Sources */ = {isa = PBXBuildFile; fileRef = E3BC6EE0192E7A7B00096EE5 /* ListViewController.m */; };
		E3BC6EE4192E7A8700096EE5 /* HTMLViewController.m in Sources */ = {isa = PBXBuildFile; fileRef = E3BC6EE3192E7A8700096EE5 /* HTMLViewController.m */; };
		E3D7820B18516C6A001BB04B /* TileViewController.m in Sources */ = {isa = PBXBuildFile; fileRef = E3D7820A18516C6A001BB04B /* TileViewController.m */; };
		E3D7820E18517375001BB04B /* ReportViewCell.m in Sources */ = {isa = PBXBuildFile; fileRef = E3D7820D18517375001BB04B /* ReportViewCell.m */; };
		E3E133C719D6095000C2D37E /* QuartzCore.framework in Frameworks */ = {isa = PBXBuildFile; fileRef = E3E133C619D6095000C2D37E /* QuartzCore.framework */; };
		E3E133C919D6095900C2D37E /* ImageIO.framework in Frameworks */ = {isa = PBXBuildFile; fileRef = E3E133C819D6095900C2D37E /* ImageIO.framework */; };
		E3E133CB19D6096300C2D37E /* MessageUI.framework in Frameworks */ = {isa = PBXBuildFile; fileRef = E3E133CA19D6096300C2D37E /* MessageUI.framework */; };
		E3E133CD19D6708300C2D37E /* QuickLook.framework in Frameworks */ = {isa = PBXBuildFile; fileRef = E3E133CC19D6708300C2D37E /* QuickLook.framework */; };
		E3EF82521A898A3F006513CA /* DisclaimerViewController.m in Sources */ = {isa = PBXBuildFile; fileRef = E3EF82511A898A3F006513CA /* DisclaimerViewController.m */; };
		E3F3A44E1857D0DE00253290 /* NoteViewController.m in Sources */ = {isa = PBXBuildFile; fileRef = E3F3A44D1857D0DE00253290 /* NoteViewController.m */; };
		E3FBB30617C9527000E133D6 /* UIKit.framework in Frameworks */ = {isa = PBXBuildFile; fileRef = E3FBB30517C9527000E133D6 /* UIKit.framework */; };
		E3FBB30817C9527000E133D6 /* Foundation.framework in Frameworks */ = {isa = PBXBuildFile; fileRef = E3FBB30717C9527000E133D6 /* Foundation.framework */; };
		E3FBB30A17C9527000E133D6 /* CoreGraphics.framework in Frameworks */ = {isa = PBXBuildFile; fileRef = E3FBB30917C9527000E133D6 /* CoreGraphics.framework */; };
		E3FBB31017C9527000E133D6 /* InfoPlist.strings in Resources */ = {isa = PBXBuildFile; fileRef = E3FBB30E17C9527000E133D6 /* InfoPlist.strings */; };
		E3FBB31217C9527000E133D6 /* main.m in Sources */ = {isa = PBXBuildFile; fileRef = E3FBB31117C9527000E133D6 /* main.m */; };
		E3FBB31617C9527000E133D6 /* AppDelegate.m in Sources */ = {isa = PBXBuildFile; fileRef = E3FBB31517C9527000E133D6 /* AppDelegate.m */; };
/* End PBXBuildFile section */

/* Begin PBXContainerItemProxy section */
		7D4E1C4C1A1F9475002762B3 /* PBXContainerItemProxy */ = {
			isa = PBXContainerItemProxy;
			containerPortal = E3FBB2FA17C9527000E133D6 /* Project object */;
			proxyType = 1;
			remoteGlobalIDString = E3FBB30117C9527000E133D6;
			remoteInfo = DICE;
		};
/* End PBXContainerItemProxy section */

/* Begin PBXFileReference section */
		0EFD368FB6CD328139F3BE06 /* Pods.release.xcconfig */ = {isa = PBXFileReference; includeInIndex = 1; lastKnownFileType = text.xcconfig; name = Pods.release.xcconfig; path = "Pods/Target Support Files/Pods/Pods.release.xcconfig"; sourceTree = "<group>"; };
		36DFBBC94E870600BA2AB2FE /* Pods.debug.xcconfig */ = {isa = PBXFileReference; includeInIndex = 1; lastKnownFileType = text.xcconfig; name = Pods.debug.xcconfig; path = "Pods/Target Support Files/Pods/Pods.debug.xcconfig"; sourceTree = "<group>"; };
		50CBA573252A64B7ADEE02F0 /* Pods-DICETests.release.xcconfig */ = {isa = PBXFileReference; includeInIndex = 1; lastKnownFileType = text.xcconfig; name = "Pods-DICETests.release.xcconfig"; path = "Pods/Target Support Files/Pods-DICETests/Pods-DICETests.release.xcconfig"; sourceTree = "<group>"; };
		5AAED81A2E99BC8617B9E1D9 /* Pods-DICETests.debug.xcconfig */ = {isa = PBXFileReference; includeInIndex = 1; lastKnownFileType = text.xcconfig; name = "Pods-DICETests.debug.xcconfig"; path = "Pods/Target Support Files/Pods-DICETests/Pods-DICETests.debug.xcconfig"; sourceTree = "<group>"; };
		5EC182CE7857459FD4736E05 /* libPods-DICETests.a */ = {isa = PBXFileReference; explicitFileType = archive.ar; includeInIndex = 0; path = "libPods-DICETests.a"; sourceTree = BUILT_PRODUCTS_DIR; };
		7D0B49161A0D489D0044236B /* CoreData.framework */ = {isa = PBXFileReference; lastKnownFileType = wrapper.framework; name = CoreData.framework; path = System/Library/Frameworks/CoreData.framework; sourceTree = SDKROOT; };
		7D0B49181A0D48CF0044236B /* CFNetwork.framework */ = {isa = PBXFileReference; lastKnownFileType = wrapper.framework; name = CFNetwork.framework; path = System/Library/Frameworks/CFNetwork.framework; sourceTree = SDKROOT; };
		7D0B491A1A0D48FB0044236B /* Security.framework */ = {isa = PBXFileReference; lastKnownFileType = wrapper.framework; name = Security.framework; path = System/Library/Frameworks/Security.framework; sourceTree = SDKROOT; };
		7D0B491C1A0D49610044236B /* libicucore.dylib */ = {isa = PBXFileReference; lastKnownFileType = "compiled.mach-o.dylib"; name = libicucore.dylib; path = usr/lib/libicucore.dylib; sourceTree = SDKROOT; };
		7D0B491E1A0D49790044236B /* libsqlite3.dylib */ = {isa = PBXFileReference; lastKnownFileType = "compiled.mach-o.dylib"; name = libsqlite3.dylib; path = usr/lib/libsqlite3.dylib; sourceTree = SDKROOT; };
		7D0B49201A0D49B50044236B /* OpenGLES.framework */ = {isa = PBXFileReference; lastKnownFileType = wrapper.framework; name = OpenGLES.framework; path = System/Library/Frameworks/OpenGLES.framework; sourceTree = SDKROOT; };
		7D0B9A291ACDAAC400359E7D /* MainStoryboard-iPad.storyboard */ = {isa = PBXFileReference; fileEncoding = 4; lastKnownFileType = file.storyboard; path = "MainStoryboard-iPad.storyboard"; sourceTree = "<group>"; };
		7D1432521B165B990003DD53 /* ReportStoreSpec.m */ = {isa = PBXFileReference; fileEncoding = 4; lastKnownFileType = sourcecode.c.objc; path = ReportStoreSpec.m; sourceTree = "<group>"; };
		7D1432541B20B8660003DD53 /* UnzipOperation.h */ = {isa = PBXFileReference; fileEncoding = 4; lastKnownFileType = sourcecode.c.h; path = UnzipOperation.h; sourceTree = "<group>"; };
		7D1432551B20B8660003DD53 /* UnzipOperation.m */ = {isa = PBXFileReference; fileEncoding = 4; lastKnownFileType = sourcecode.c.objc; path = UnzipOperation.m; sourceTree = "<group>"; };
		7D1432571B20BA440003DD53 /* HtmlReportType.h */ = {isa = PBXFileReference; fileEncoding = 4; lastKnownFileType = sourcecode.c.h; path = HtmlReportType.h; sourceTree = "<group>"; };
		7D1432581B20BA440003DD53 /* HtmlReportType.m */ = {isa = PBXFileReference; fileEncoding = 4; lastKnownFileType = sourcecode.c.objc; path = HtmlReportType.m; sourceTree = "<group>"; };
		7D14325B1B2226020003DD53 /* SimpleFileManager.h */ = {isa = PBXFileReference; fileEncoding = 4; lastKnownFileType = sourcecode.c.h; path = SimpleFileManager.h; sourceTree = "<group>"; };
		7D14325C1B24AFB00003DD53 /* ImportProcess.h */ = {isa = PBXFileReference; fileEncoding = 4; lastKnownFileType = sourcecode.c.h; path = ImportProcess.h; sourceTree = "<group>"; };
		7D172A6A1A2E59E1001EF965 /* DICENavigationController.h */ = {isa = PBXFileReference; fileEncoding = 4; lastKnownFileType = sourcecode.c.h; path = DICENavigationController.h; sourceTree = "<group>"; };
		7D172A6B1A2E59E1001EF965 /* DICENavigationController.m */ = {isa = PBXFileReference; fileEncoding = 4; lastKnownFileType = sourcecode.c.objc; path = DICENavigationController.m; sourceTree = "<group>"; };
		7D2FBD171A1C098E003D9946 /* ReportCollectionViewController.h */ = {isa = PBXFileReference; fileEncoding = 4; lastKnownFileType = sourcecode.c.h; path = ReportCollectionViewController.h; sourceTree = "<group>"; };
		7D2FBD181A1C098E003D9946 /* ReportCollectionViewController.m */ = {isa = PBXFileReference; fileEncoding = 4; lastKnownFileType = sourcecode.c.objc; path = ReportCollectionViewController.m; sourceTree = "<group>"; };
		7D3E07901B6142250077ABCA /* DeleteFileOperation.h */ = {isa = PBXFileReference; fileEncoding = 4; lastKnownFileType = sourcecode.c.h; path = DeleteFileOperation.h; sourceTree = "<group>"; };
		7D3E07911B6142250077ABCA /* DeleteFileOperation.m */ = {isa = PBXFileReference; fileEncoding = 4; lastKnownFileType = sourcecode.c.objc; path = DeleteFileOperation.m; sourceTree = "<group>"; };
		7D3E07931B61449F0077ABCA /* BaseImportProcess.h */ = {isa = PBXFileReference; fileEncoding = 4; lastKnownFileType = sourcecode.c.h; path = BaseImportProcess.h; sourceTree = "<group>"; };
		7D3E07941B61449F0077ABCA /* BaseImportProcess.m */ = {isa = PBXFileReference; fileEncoding = 4; lastKnownFileType = sourcecode.c.objc; path = BaseImportProcess.m; sourceTree = "<group>"; };
		7D4E1C461A1F9475002762B3 /* DICETests.xctest */ = {isa = PBXFileReference; explicitFileType = wrapper.cfbundle; includeInIndex = 0; path = DICETests.xctest; sourceTree = BUILT_PRODUCTS_DIR; };
		7D4E1C491A1F9475002762B3 /* Info.plist */ = {isa = PBXFileReference; lastKnownFileType = text.plist.xml; path = Info.plist; sourceTree = "<group>"; };
		7D4E1C511A1F94A5002762B3 /* ResourceTypesTests.m */ = {isa = PBXFileReference; fileEncoding = 4; lastKnownFileType = sourcecode.c.objc; path = ResourceTypesTests.m; sourceTree = "<group>"; };
		7D4E1C531A1FAB44002762B3 /* ReportResourceViewController.h */ = {isa = PBXFileReference; fileEncoding = 4; lastKnownFileType = sourcecode.c.h; path = ReportResourceViewController.h; sourceTree = "<group>"; };
		7D4E1C541A1FAB44002762B3 /* ReportResourceViewController.m */ = {isa = PBXFileReference; fileEncoding = 4; lastKnownFileType = sourcecode.c.objc; path = ReportResourceViewController.m; sourceTree = "<group>"; };
		7D75FBF91A852C9400CA05D4 /* ne_50m-110m_land.geojson */ = {isa = PBXFileReference; fileEncoding = 4; lastKnownFileType = text; name = "ne_50m-110m_land.geojson"; path = "resources/ne_50m-110m_land.geojson"; sourceTree = "<group>"; };
		7D75FC111A85603800CA05D4 /* attributions */ = {isa = PBXFileReference; lastKnownFileType = folder; name = attributions; path = resources/attributions; sourceTree = "<group>"; };
		7D75FC131A8560BD00CA05D4 /* Images.xcassets */ = {isa = PBXFileReference; lastKnownFileType = folder.assetcatalog; name = Images.xcassets; path = resources/Images.xcassets; sourceTree = "<group>"; };
		7DA393EC1A1E6A0A00DE9649 /* ReportCollectionView.h */ = {isa = PBXFileReference; fileEncoding = 4; lastKnownFileType = sourcecode.c.h; path = ReportCollectionView.h; sourceTree = "<group>"; };
		7DA393EE1A1EA09000DE9649 /* ResourceTypes.h */ = {isa = PBXFileReference; fileEncoding = 4; lastKnownFileType = sourcecode.c.h; path = ResourceTypes.h; sourceTree = "<group>"; };
		7DA393EF1A1EA09000DE9649 /* ResourceTypes.m */ = {isa = PBXFileReference; fileEncoding = 4; lastKnownFileType = sourcecode.c.objc; path = ResourceTypes.m; sourceTree = "<group>"; };
		7DA706B61A158E3800B558EC /* MobileCoreServices.framework */ = {isa = PBXFileReference; lastKnownFileType = wrapper.framework; name = MobileCoreServices.framework; path = System/Library/Frameworks/MobileCoreServices.framework; sourceTree = SDKROOT; };
		7DCCF0FB1B156F9A001A526B /* ReportType.h */ = {isa = PBXFileReference; lastKnownFileType = sourcecode.c.h; path = ReportType.h; sourceTree = "<group>"; };
		7DE513071B0E8A1C0023F1D5 /* ReportStore.h */ = {isa = PBXFileReference; fileEncoding = 4; lastKnownFileType = sourcecode.c.h; path = ReportStore.h; sourceTree = "<group>"; };
		7DE513081B0E8A1C0023F1D5 /* ReportStore.m */ = {isa = PBXFileReference; fileEncoding = 4; lastKnownFileType = sourcecode.c.objc; path = ReportStore.m; sourceTree = "<group>"; };
		7DE5130A1B0F65EF0023F1D5 /* HtmlReportTypeSpec.m */ = {isa = PBXFileReference; fileEncoding = 4; lastKnownFileType = sourcecode.c.objc; path = HtmlReportTypeSpec.m; sourceTree = "<group>"; };
		7DF1E24D1ACEF02D001EA27E /* MainStoryboard-iPhone.storyboard */ = {isa = PBXFileReference; fileEncoding = 4; lastKnownFileType = file.storyboard; path = "MainStoryboard-iPhone.storyboard"; sourceTree = "<group>"; };
		7DF1E2501ACF14CE001EA27E /* SettingsViewController+SettingsViewController_iPhone.m */ = {isa = PBXFileReference; fileEncoding = 4; lastKnownFileType = sourcecode.c.objc; path = "SettingsViewController+SettingsViewController_iPhone.m"; sourceTree = "<group>"; };
		B73CA51504D8A8B497186523 /* libPods.a */ = {isa = PBXFileReference; explicitFileType = archive.ar; includeInIndex = 0; path = libPods.a; sourceTree = BUILT_PRODUCTS_DIR; };
		E32C6C2C17D7C1AB00D694C5 /* libz.dylib */ = {isa = PBXFileReference; lastKnownFileType = "compiled.mach-o.dylib"; name = libz.dylib; path = usr/lib/libz.dylib; sourceTree = SDKROOT; };
		E337BCC01811AD7B00D987F9 /* Report.h */ = {isa = PBXFileReference; fileEncoding = 4; lastKnownFileType = sourcecode.c.h; path = Report.h; sourceTree = "<group>"; };
		E337BCC11811AD7B00D987F9 /* Report.m */ = {isa = PBXFileReference; fileEncoding = 4; lastKnownFileType = sourcecode.c.objc; path = Report.m; sourceTree = "<group>"; };
		E39D82FF19DC643D008357DF /* Icon-76@2x.png */ = {isa = PBXFileReference; lastKnownFileType = image.png; name = "Icon-76@2x.png"; path = "resources/Icon-76@2x.png"; sourceTree = "<group>"; };
		E39D830319DF2B95008357DF /* ReaderAppDelegate.h */ = {isa = PBXFileReference; fileEncoding = 4; lastKnownFileType = sourcecode.c.h; path = ReaderAppDelegate.h; sourceTree = "<group>"; };
		E39D830419DF2B95008357DF /* ReaderAppDelegate.m */ = {isa = PBXFileReference; fileEncoding = 4; lastKnownFileType = sourcecode.c.objc; path = ReaderAppDelegate.m; sourceTree = "<group>"; };
		E39D830519DF2B95008357DF /* ReaderBookDelegate.h */ = {isa = PBXFileReference; fileEncoding = 4; lastKnownFileType = sourcecode.c.h; path = ReaderBookDelegate.h; sourceTree = "<group>"; };
		E39D830619DF2B95008357DF /* ReaderBookDelegate.m */ = {isa = PBXFileReference; fileEncoding = 4; lastKnownFileType = sourcecode.c.objc; path = ReaderBookDelegate.m; sourceTree = "<group>"; };
		E39D830719DF2B95008357DF /* ReaderDemoController.h */ = {isa = PBXFileReference; fileEncoding = 4; lastKnownFileType = sourcecode.c.h; path = ReaderDemoController.h; sourceTree = "<group>"; };
		E39D830819DF2B95008357DF /* ReaderDemoController.m */ = {isa = PBXFileReference; fileEncoding = 4; lastKnownFileType = sourcecode.c.objc; path = ReaderDemoController.m; sourceTree = "<group>"; };
		E39D830A19DF2B95008357DF /* AppIcon-057.png */ = {isa = PBXFileReference; lastKnownFileType = image.png; path = "AppIcon-057.png"; sourceTree = "<group>"; };
		E39D830B19DF2B95008357DF /* AppIcon-072.png */ = {isa = PBXFileReference; lastKnownFileType = image.png; path = "AppIcon-072.png"; sourceTree = "<group>"; };
		E39D830C19DF2B95008357DF /* AppIcon-076.png */ = {isa = PBXFileReference; lastKnownFileType = image.png; path = "AppIcon-076.png"; sourceTree = "<group>"; };
		E39D830D19DF2B95008357DF /* AppIcon-114.png */ = {isa = PBXFileReference; lastKnownFileType = image.png; path = "AppIcon-114.png"; sourceTree = "<group>"; };
		E39D830E19DF2B95008357DF /* AppIcon-120.png */ = {isa = PBXFileReference; lastKnownFileType = image.png; path = "AppIcon-120.png"; sourceTree = "<group>"; };
		E39D830F19DF2B95008357DF /* AppIcon-144.png */ = {isa = PBXFileReference; lastKnownFileType = image.png; path = "AppIcon-144.png"; sourceTree = "<group>"; };
		E39D831019DF2B95008357DF /* AppIcon-152.png */ = {isa = PBXFileReference; lastKnownFileType = image.png; path = "AppIcon-152.png"; sourceTree = "<group>"; };
		E39D831119DF2B95008357DF /* AppIcon-180.png */ = {isa = PBXFileReference; lastKnownFileType = image.png; path = "AppIcon-180.png"; sourceTree = "<group>"; };
		E39D831219DF2B95008357DF /* Default-568h@2x.png */ = {isa = PBXFileReference; lastKnownFileType = image.png; path = "Default-568h@2x.png"; sourceTree = "<group>"; };
		E39D831319DF2B95008357DF /* Reader-Button-H.png */ = {isa = PBXFileReference; lastKnownFileType = image.png; path = "Reader-Button-H.png"; sourceTree = "<group>"; };
		E39D831419DF2B95008357DF /* Reader-Button-H@2x.png */ = {isa = PBXFileReference; lastKnownFileType = image.png; path = "Reader-Button-H@2x.png"; sourceTree = "<group>"; };
		E39D831519DF2B95008357DF /* Reader-Button-N.png */ = {isa = PBXFileReference; lastKnownFileType = image.png; path = "Reader-Button-N.png"; sourceTree = "<group>"; };
		E39D831619DF2B95008357DF /* Reader-Button-N@2x.png */ = {isa = PBXFileReference; lastKnownFileType = image.png; path = "Reader-Button-N@2x.png"; sourceTree = "<group>"; };
		E39D831719DF2B95008357DF /* Reader-Email.png */ = {isa = PBXFileReference; lastKnownFileType = image.png; path = "Reader-Email.png"; sourceTree = "<group>"; };
		E39D831819DF2B95008357DF /* Reader-Email@2x.png */ = {isa = PBXFileReference; lastKnownFileType = image.png; path = "Reader-Email@2x.png"; sourceTree = "<group>"; };
		E39D831919DF2B95008357DF /* Reader-Export.png */ = {isa = PBXFileReference; lastKnownFileType = image.png; path = "Reader-Export.png"; sourceTree = "<group>"; };
		E39D831A19DF2B95008357DF /* Reader-Export@2x.png */ = {isa = PBXFileReference; lastKnownFileType = image.png; path = "Reader-Export@2x.png"; sourceTree = "<group>"; };
		E39D831B19DF2B95008357DF /* Reader-Mark-N.png */ = {isa = PBXFileReference; lastKnownFileType = image.png; path = "Reader-Mark-N.png"; sourceTree = "<group>"; };
		E39D831C19DF2B95008357DF /* Reader-Mark-N@2x.png */ = {isa = PBXFileReference; lastKnownFileType = image.png; path = "Reader-Mark-N@2x.png"; sourceTree = "<group>"; };
		E39D831D19DF2B95008357DF /* Reader-Mark-Y.png */ = {isa = PBXFileReference; lastKnownFileType = image.png; path = "Reader-Mark-Y.png"; sourceTree = "<group>"; };
		E39D831E19DF2B95008357DF /* Reader-Mark-Y@2x.png */ = {isa = PBXFileReference; lastKnownFileType = image.png; path = "Reader-Mark-Y@2x.png"; sourceTree = "<group>"; };
		E39D831F19DF2B95008357DF /* Reader-Print.png */ = {isa = PBXFileReference; lastKnownFileType = image.png; path = "Reader-Print.png"; sourceTree = "<group>"; };
		E39D832019DF2B95008357DF /* Reader-Print@2x.png */ = {isa = PBXFileReference; lastKnownFileType = image.png; path = "Reader-Print@2x.png"; sourceTree = "<group>"; };
		E39D832119DF2B95008357DF /* Reader-Thumbs.png */ = {isa = PBXFileReference; lastKnownFileType = image.png; path = "Reader-Thumbs.png"; sourceTree = "<group>"; };
		E39D832219DF2B95008357DF /* Reader-Thumbs@2x.png */ = {isa = PBXFileReference; lastKnownFileType = image.png; path = "Reader-Thumbs@2x.png"; sourceTree = "<group>"; };
		E39D832419DF2B95008357DF /* CGPDFDocument.h */ = {isa = PBXFileReference; fileEncoding = 4; lastKnownFileType = sourcecode.c.h; path = CGPDFDocument.h; sourceTree = "<group>"; };
		E39D832519DF2B95008357DF /* CGPDFDocument.m */ = {isa = PBXFileReference; fileEncoding = 4; lastKnownFileType = sourcecode.c.objc; path = CGPDFDocument.m; sourceTree = "<group>"; };
		E39D832619DF2B95008357DF /* ReaderConstants.h */ = {isa = PBXFileReference; fileEncoding = 4; lastKnownFileType = sourcecode.c.h; path = ReaderConstants.h; sourceTree = "<group>"; };
		E39D832719DF2B95008357DF /* ReaderConstants.m */ = {isa = PBXFileReference; fileEncoding = 4; lastKnownFileType = sourcecode.c.objc; path = ReaderConstants.m; sourceTree = "<group>"; };
		E39D832819DF2B95008357DF /* ReaderContentPage.h */ = {isa = PBXFileReference; fileEncoding = 4; lastKnownFileType = sourcecode.c.h; path = ReaderContentPage.h; sourceTree = "<group>"; };
		E39D832919DF2B95008357DF /* ReaderContentPage.m */ = {isa = PBXFileReference; fileEncoding = 4; lastKnownFileType = sourcecode.c.objc; path = ReaderContentPage.m; sourceTree = "<group>"; };
		E39D832A19DF2B95008357DF /* ReaderContentTile.h */ = {isa = PBXFileReference; fileEncoding = 4; lastKnownFileType = sourcecode.c.h; path = ReaderContentTile.h; sourceTree = "<group>"; };
		E39D832B19DF2B95008357DF /* ReaderContentTile.m */ = {isa = PBXFileReference; fileEncoding = 4; lastKnownFileType = sourcecode.c.objc; path = ReaderContentTile.m; sourceTree = "<group>"; };
		E39D832C19DF2B95008357DF /* ReaderContentView.h */ = {isa = PBXFileReference; fileEncoding = 4; lastKnownFileType = sourcecode.c.h; path = ReaderContentView.h; sourceTree = "<group>"; };
		E39D832D19DF2B95008357DF /* ReaderContentView.m */ = {isa = PBXFileReference; fileEncoding = 4; lastKnownFileType = sourcecode.c.objc; path = ReaderContentView.m; sourceTree = "<group>"; };
		E39D832E19DF2B95008357DF /* ReaderDocument.h */ = {isa = PBXFileReference; fileEncoding = 4; lastKnownFileType = sourcecode.c.h; path = ReaderDocument.h; sourceTree = "<group>"; };
		E39D832F19DF2B95008357DF /* ReaderDocument.m */ = {isa = PBXFileReference; fileEncoding = 4; lastKnownFileType = sourcecode.c.objc; path = ReaderDocument.m; sourceTree = "<group>"; };
		E39D833019DF2B95008357DF /* ReaderDocumentOutline.h */ = {isa = PBXFileReference; fileEncoding = 4; lastKnownFileType = sourcecode.c.h; path = ReaderDocumentOutline.h; sourceTree = "<group>"; };
		E39D833119DF2B95008357DF /* ReaderDocumentOutline.m */ = {isa = PBXFileReference; fileEncoding = 4; lastKnownFileType = sourcecode.c.objc; path = ReaderDocumentOutline.m; sourceTree = "<group>"; };
		E39D833219DF2B95008357DF /* ReaderMainPagebar.h */ = {isa = PBXFileReference; fileEncoding = 4; lastKnownFileType = sourcecode.c.h; path = ReaderMainPagebar.h; sourceTree = "<group>"; };
		E39D833319DF2B95008357DF /* ReaderMainPagebar.m */ = {isa = PBXFileReference; fileEncoding = 4; lastKnownFileType = sourcecode.c.objc; path = ReaderMainPagebar.m; sourceTree = "<group>"; };
		E39D833419DF2B95008357DF /* ReaderMainToolbar.h */ = {isa = PBXFileReference; fileEncoding = 4; lastKnownFileType = sourcecode.c.h; path = ReaderMainToolbar.h; sourceTree = "<group>"; };
		E39D833519DF2B95008357DF /* ReaderMainToolbar.m */ = {isa = PBXFileReference; fileEncoding = 4; lastKnownFileType = sourcecode.c.objc; path = ReaderMainToolbar.m; sourceTree = "<group>"; };
		E39D833619DF2B95008357DF /* ReaderThumbCache.h */ = {isa = PBXFileReference; fileEncoding = 4; lastKnownFileType = sourcecode.c.h; path = ReaderThumbCache.h; sourceTree = "<group>"; };
		E39D833719DF2B95008357DF /* ReaderThumbCache.m */ = {isa = PBXFileReference; fileEncoding = 4; lastKnownFileType = sourcecode.c.objc; path = ReaderThumbCache.m; sourceTree = "<group>"; };
		E39D833819DF2B95008357DF /* ReaderThumbFetch.h */ = {isa = PBXFileReference; fileEncoding = 4; lastKnownFileType = sourcecode.c.h; path = ReaderThumbFetch.h; sourceTree = "<group>"; };
		E39D833919DF2B95008357DF /* ReaderThumbFetch.m */ = {isa = PBXFileReference; fileEncoding = 4; lastKnownFileType = sourcecode.c.objc; path = ReaderThumbFetch.m; sourceTree = "<group>"; };
		E39D833A19DF2B95008357DF /* ReaderThumbQueue.h */ = {isa = PBXFileReference; fileEncoding = 4; lastKnownFileType = sourcecode.c.h; path = ReaderThumbQueue.h; sourceTree = "<group>"; };
		E39D833B19DF2B95008357DF /* ReaderThumbQueue.m */ = {isa = PBXFileReference; fileEncoding = 4; lastKnownFileType = sourcecode.c.objc; path = ReaderThumbQueue.m; sourceTree = "<group>"; };
		E39D833C19DF2B95008357DF /* ReaderThumbRender.h */ = {isa = PBXFileReference; fileEncoding = 4; lastKnownFileType = sourcecode.c.h; path = ReaderThumbRender.h; sourceTree = "<group>"; };
		E39D833D19DF2B95008357DF /* ReaderThumbRender.m */ = {isa = PBXFileReference; fileEncoding = 4; lastKnownFileType = sourcecode.c.objc; path = ReaderThumbRender.m; sourceTree = "<group>"; };
		E39D833E19DF2B95008357DF /* ReaderThumbRequest.h */ = {isa = PBXFileReference; fileEncoding = 4; lastKnownFileType = sourcecode.c.h; path = ReaderThumbRequest.h; sourceTree = "<group>"; };
		E39D833F19DF2B95008357DF /* ReaderThumbRequest.m */ = {isa = PBXFileReference; fileEncoding = 4; lastKnownFileType = sourcecode.c.objc; path = ReaderThumbRequest.m; sourceTree = "<group>"; };
		E39D834019DF2B95008357DF /* ReaderThumbsView.h */ = {isa = PBXFileReference; fileEncoding = 4; lastKnownFileType = sourcecode.c.h; path = ReaderThumbsView.h; sourceTree = "<group>"; };
		E39D834119DF2B95008357DF /* ReaderThumbsView.m */ = {isa = PBXFileReference; fileEncoding = 4; lastKnownFileType = sourcecode.c.objc; path = ReaderThumbsView.m; sourceTree = "<group>"; };
		E39D834219DF2B95008357DF /* ReaderThumbView.h */ = {isa = PBXFileReference; fileEncoding = 4; lastKnownFileType = sourcecode.c.h; path = ReaderThumbView.h; sourceTree = "<group>"; };
		E39D834319DF2B95008357DF /* ReaderThumbView.m */ = {isa = PBXFileReference; fileEncoding = 4; lastKnownFileType = sourcecode.c.objc; path = ReaderThumbView.m; sourceTree = "<group>"; };
		E39D834419DF2B95008357DF /* ReaderViewController.h */ = {isa = PBXFileReference; fileEncoding = 4; lastKnownFileType = sourcecode.c.h; path = ReaderViewController.h; sourceTree = "<group>"; };
		E39D834519DF2B95008357DF /* ReaderViewController.m */ = {isa = PBXFileReference; fileEncoding = 4; lastKnownFileType = sourcecode.c.objc; path = ReaderViewController.m; sourceTree = "<group>"; };
		E39D834619DF2B95008357DF /* ThumbsMainToolbar.h */ = {isa = PBXFileReference; fileEncoding = 4; lastKnownFileType = sourcecode.c.h; path = ThumbsMainToolbar.h; sourceTree = "<group>"; };
		E39D834719DF2B95008357DF /* ThumbsMainToolbar.m */ = {isa = PBXFileReference; fileEncoding = 4; lastKnownFileType = sourcecode.c.objc; path = ThumbsMainToolbar.m; sourceTree = "<group>"; };
		E39D834819DF2B95008357DF /* ThumbsViewController.h */ = {isa = PBXFileReference; fileEncoding = 4; lastKnownFileType = sourcecode.c.h; path = ThumbsViewController.h; sourceTree = "<group>"; };
		E39D834919DF2B95008357DF /* ThumbsViewController.m */ = {isa = PBXFileReference; fileEncoding = 4; lastKnownFileType = sourcecode.c.objc; path = ThumbsViewController.m; sourceTree = "<group>"; };
		E39D834A19DF2B95008357DF /* UIXToolbarView.h */ = {isa = PBXFileReference; fileEncoding = 4; lastKnownFileType = sourcecode.c.h; path = UIXToolbarView.h; sourceTree = "<group>"; };
		E39D834B19DF2B95008357DF /* UIXToolbarView.m */ = {isa = PBXFileReference; fileEncoding = 4; lastKnownFileType = sourcecode.c.objc; path = UIXToolbarView.m; sourceTree = "<group>"; };
		E39D837C19DF3B8A008357DF /* PDFViewController.h */ = {isa = PBXFileReference; fileEncoding = 4; lastKnownFileType = sourcecode.c.h; path = PDFViewController.h; sourceTree = "<group>"; };
		E39D837D19DF3B8A008357DF /* PDFViewController.m */ = {isa = PBXFileReference; fileEncoding = 4; lastKnownFileType = sourcecode.c.objc; path = PDFViewController.m; sourceTree = "<group>"; };
		E39DF1A818C69DEB00B13D46 /* SettingsViewController.h */ = {isa = PBXFileReference; fileEncoding = 4; lastKnownFileType = sourcecode.c.h; path = SettingsViewController.h; sourceTree = "<group>"; };
		E39DF1A918C69DEB00B13D46 /* SettingsViewController.m */ = {isa = PBXFileReference; fileEncoding = 4; lastKnownFileType = sourcecode.c.objc; path = SettingsViewController.m; sourceTree = "<group>"; };
		E3A51FFF18D7579700CE30DD /* ReportAPI.h */ = {isa = PBXFileReference; fileEncoding = 4; lastKnownFileType = sourcecode.c.h; path = ReportAPI.h; sourceTree = "<group>"; };
		E3A5200018D7579700CE30DD /* ReportAPI.m */ = {isa = PBXFileReference; fileEncoding = 4; lastKnownFileType = sourcecode.c.objc; path = ReportAPI.m; sourceTree = "<group>"; };
		E3A73FBE1855585200035C76 /* MapViewController.h */ = {isa = PBXFileReference; fileEncoding = 4; lastKnownFileType = sourcecode.c.h; path = MapViewController.h; sourceTree = "<group>"; };
		E3A73FBF1855585200035C76 /* MapViewController.m */ = {isa = PBXFileReference; fileEncoding = 4; lastKnownFileType = sourcecode.c.objc; path = MapViewController.m; sourceTree = "<group>"; };
		E3A73FC1185559FC00035C76 /* ReportMapAnnotation.h */ = {isa = PBXFileReference; fileEncoding = 4; lastKnownFileType = sourcecode.c.h; path = ReportMapAnnotation.h; sourceTree = "<group>"; };
		E3A73FC2185559FC00035C76 /* ReportMapAnnotation.m */ = {isa = PBXFileReference; fileEncoding = 4; lastKnownFileType = sourcecode.c.objc; path = ReportMapAnnotation.m; sourceTree = "<group>"; };
		E3A73FC418558F7A00035C76 /* MapKit.framework */ = {isa = PBXFileReference; lastKnownFileType = wrapper.framework; name = MapKit.framework; path = System/Library/Frameworks/MapKit.framework; sourceTree = SDKROOT; };
		E3AC40F9198ADA3900DE8F41 /* OfflineMapUtility.h */ = {isa = PBXFileReference; fileEncoding = 4; lastKnownFileType = sourcecode.c.h; path = OfflineMapUtility.h; sourceTree = "<group>"; };
		E3AC40FA198ADA3900DE8F41 /* OfflineMapUtility.m */ = {isa = PBXFileReference; fileEncoding = 4; lastKnownFileType = sourcecode.c.objc; path = OfflineMapUtility.m; sourceTree = "<group>"; };
		E3AC40FE198ADCC700DE8F41 /* CoreLocation.framework */ = {isa = PBXFileReference; lastKnownFileType = wrapper.framework; name = CoreLocation.framework; path = System/Library/Frameworks/CoreLocation.framework; sourceTree = SDKROOT; };
		E3B67F681A716A33000B7397 /* JavaScriptAPI.h */ = {isa = PBXFileReference; fileEncoding = 4; lastKnownFileType = sourcecode.c.h; path = JavaScriptAPI.h; sourceTree = "<group>"; };
		E3B67F691A716A33000B7397 /* JavaScriptAPI.m */ = {isa = PBXFileReference; fileEncoding = 4; lastKnownFileType = sourcecode.c.objc; path = JavaScriptAPI.m; sourceTree = "<group>"; };
		E3BC6EDF192E7A7B00096EE5 /* ListViewController.h */ = {isa = PBXFileReference; fileEncoding = 4; lastKnownFileType = sourcecode.c.h; path = ListViewController.h; sourceTree = "<group>"; };
		E3BC6EE0192E7A7B00096EE5 /* ListViewController.m */ = {isa = PBXFileReference; fileEncoding = 4; lastKnownFileType = sourcecode.c.objc; path = ListViewController.m; sourceTree = "<group>"; };
		E3BC6EE2192E7A8700096EE5 /* HTMLViewController.h */ = {isa = PBXFileReference; fileEncoding = 4; lastKnownFileType = sourcecode.c.h; path = HTMLViewController.h; sourceTree = "<group>"; };
		E3BC6EE3192E7A8700096EE5 /* HTMLViewController.m */ = {isa = PBXFileReference; fileEncoding = 4; lastKnownFileType = sourcecode.c.objc; path = HTMLViewController.m; sourceTree = "<group>"; };
		E3D7820918516C6A001BB04B /* TileViewController.h */ = {isa = PBXFileReference; fileEncoding = 4; lastKnownFileType = sourcecode.c.h; path = TileViewController.h; sourceTree = "<group>"; };
		E3D7820A18516C6A001BB04B /* TileViewController.m */ = {isa = PBXFileReference; fileEncoding = 4; lastKnownFileType = sourcecode.c.objc; path = TileViewController.m; sourceTree = "<group>"; };
		E3D7820C18517375001BB04B /* ReportViewCell.h */ = {isa = PBXFileReference; fileEncoding = 4; lastKnownFileType = sourcecode.c.h; path = ReportViewCell.h; sourceTree = "<group>"; };
		E3D7820D18517375001BB04B /* ReportViewCell.m */ = {isa = PBXFileReference; fileEncoding = 4; lastKnownFileType = sourcecode.c.objc; path = ReportViewCell.m; sourceTree = "<group>"; };
		E3E133C619D6095000C2D37E /* QuartzCore.framework */ = {isa = PBXFileReference; lastKnownFileType = wrapper.framework; name = QuartzCore.framework; path = System/Library/Frameworks/QuartzCore.framework; sourceTree = SDKROOT; };
		E3E133C819D6095900C2D37E /* ImageIO.framework */ = {isa = PBXFileReference; lastKnownFileType = wrapper.framework; name = ImageIO.framework; path = System/Library/Frameworks/ImageIO.framework; sourceTree = SDKROOT; };
		E3E133CA19D6096300C2D37E /* MessageUI.framework */ = {isa = PBXFileReference; lastKnownFileType = wrapper.framework; name = MessageUI.framework; path = System/Library/Frameworks/MessageUI.framework; sourceTree = SDKROOT; };
		E3E133CC19D6708300C2D37E /* QuickLook.framework */ = {isa = PBXFileReference; lastKnownFileType = wrapper.framework; name = QuickLook.framework; path = System/Library/Frameworks/QuickLook.framework; sourceTree = SDKROOT; };
		E3EF82501A898A3F006513CA /* DisclaimerViewController.h */ = {isa = PBXFileReference; fileEncoding = 4; lastKnownFileType = sourcecode.c.h; path = DisclaimerViewController.h; sourceTree = "<group>"; };
		E3EF82511A898A3F006513CA /* DisclaimerViewController.m */ = {isa = PBXFileReference; fileEncoding = 4; lastKnownFileType = sourcecode.c.objc; path = DisclaimerViewController.m; sourceTree = "<group>"; };
		E3F3A44C1857D0DE00253290 /* NoteViewController.h */ = {isa = PBXFileReference; fileEncoding = 4; lastKnownFileType = sourcecode.c.h; path = NoteViewController.h; sourceTree = "<group>"; };
		E3F3A44D1857D0DE00253290 /* NoteViewController.m */ = {isa = PBXFileReference; fileEncoding = 4; lastKnownFileType = sourcecode.c.objc; path = NoteViewController.m; sourceTree = "<group>"; };
		E3FBB30217C9527000E133D6 /* DICE.app */ = {isa = PBXFileReference; explicitFileType = wrapper.application; includeInIndex = 0; path = DICE.app; sourceTree = BUILT_PRODUCTS_DIR; };
		E3FBB30517C9527000E133D6 /* UIKit.framework */ = {isa = PBXFileReference; lastKnownFileType = wrapper.framework; name = UIKit.framework; path = System/Library/Frameworks/UIKit.framework; sourceTree = SDKROOT; };
		E3FBB30717C9527000E133D6 /* Foundation.framework */ = {isa = PBXFileReference; lastKnownFileType = wrapper.framework; name = Foundation.framework; path = System/Library/Frameworks/Foundation.framework; sourceTree = SDKROOT; };
		E3FBB30917C9527000E133D6 /* CoreGraphics.framework */ = {isa = PBXFileReference; lastKnownFileType = wrapper.framework; name = CoreGraphics.framework; path = System/Library/Frameworks/CoreGraphics.framework; sourceTree = SDKROOT; };
		E3FBB30D17C9527000E133D6 /* DICE-Info.plist */ = {isa = PBXFileReference; lastKnownFileType = text.plist.xml; path = "DICE-Info.plist"; sourceTree = "<group>"; };
		E3FBB30F17C9527000E133D6 /* en */ = {isa = PBXFileReference; lastKnownFileType = text.plist.strings; name = en; path = en.lproj/InfoPlist.strings; sourceTree = "<group>"; };
		E3FBB31117C9527000E133D6 /* main.m */ = {isa = PBXFileReference; lastKnownFileType = sourcecode.c.objc; path = main.m; sourceTree = "<group>"; };
		E3FBB31317C9527000E133D6 /* DICE-Prefix.pch */ = {isa = PBXFileReference; lastKnownFileType = sourcecode.c.h; path = "DICE-Prefix.pch"; sourceTree = "<group>"; };
		E3FBB31417C9527000E133D6 /* AppDelegate.h */ = {isa = PBXFileReference; lastKnownFileType = sourcecode.c.h; path = AppDelegate.h; sourceTree = "<group>"; };
		E3FBB31517C9527000E133D6 /* AppDelegate.m */ = {isa = PBXFileReference; lastKnownFileType = sourcecode.c.objc; path = AppDelegate.m; sourceTree = "<group>"; };
		FC63C8C3A5584AA4A5E44F92 /* libPods-DICE.a */ = {isa = PBXFileReference; explicitFileType = archive.ar; includeInIndex = 0; path = "libPods-DICE.a"; sourceTree = BUILT_PRODUCTS_DIR; };
/* End PBXFileReference section */

/* Begin PBXFrameworksBuildPhase section */
		7D4E1C431A1F9475002762B3 /* Frameworks */ = {
			isa = PBXFrameworksBuildPhase;
			buildActionMask = 2147483647;
			files = (
				780CE859C439FF232AC4B784 /* libPods-DICETests.a in Frameworks */,
			);
			runOnlyForDeploymentPostprocessing = 0;
		};
		E3FBB2FF17C9527000E133D6 /* Frameworks */ = {
			isa = PBXFrameworksBuildPhase;
			buildActionMask = 2147483647;
			files = (
				E3AC40FF198ADCC700DE8F41 /* CoreLocation.framework in Frameworks */,
				7DA706B71A158E3800B558EC /* MobileCoreServices.framework in Frameworks */,
				7D0B49211A0D49B50044236B /* OpenGLES.framework in Frameworks */,
				7D0B491F1A0D49790044236B /* libsqlite3.dylib in Frameworks */,
				7D0B491D1A0D49610044236B /* libicucore.dylib in Frameworks */,
				7D0B491B1A0D48FB0044236B /* Security.framework in Frameworks */,
				7D0B49191A0D48CF0044236B /* CFNetwork.framework in Frameworks */,
				7D0B49171A0D489D0044236B /* CoreData.framework in Frameworks */,
				E3E133CD19D6708300C2D37E /* QuickLook.framework in Frameworks */,
				E3E133CB19D6096300C2D37E /* MessageUI.framework in Frameworks */,
				E3E133C919D6095900C2D37E /* ImageIO.framework in Frameworks */,
				E3E133C719D6095000C2D37E /* QuartzCore.framework in Frameworks */,
				E3A73FC518558F7A00035C76 /* MapKit.framework in Frameworks */,
				E32C6C2D17D7C1AB00D694C5 /* libz.dylib in Frameworks */,
				E3FBB30617C9527000E133D6 /* UIKit.framework in Frameworks */,
				E3FBB30817C9527000E133D6 /* Foundation.framework in Frameworks */,
				E3FBB30A17C9527000E133D6 /* CoreGraphics.framework in Frameworks */,
				AC699E8B14383058C8CF7C9D /* libPods.a in Frameworks */,
			);
			runOnlyForDeploymentPostprocessing = 0;
		};
/* End PBXFrameworksBuildPhase section */

/* Begin PBXGroup section */
		7D4E1C471A1F9475002762B3 /* DICETests */ = {
			isa = PBXGroup;
			children = (
				7D4E1C481A1F9475002762B3 /* Supporting Files */,
				7D4E1C511A1F94A5002762B3 /* ResourceTypesTests.m */,
				7DE5130A1B0F65EF0023F1D5 /* HtmlReportTypeSpec.m */,
				7D1432521B165B990003DD53 /* ReportStoreSpec.m */,
			);
			path = DICETests;
			sourceTree = "<group>";
		};
		7D4E1C481A1F9475002762B3 /* Supporting Files */ = {
			isa = PBXGroup;
			children = (
				7D4E1C491A1F9475002762B3 /* Info.plist */,
			);
			name = "Supporting Files";
			sourceTree = "<group>";
		};
		7D75FC101A85602200CA05D4 /* resources */ = {
			isa = PBXGroup;
			children = (
				E39D82FF19DC643D008357DF /* Icon-76@2x.png */,
				7D75FBF91A852C9400CA05D4 /* ne_50m-110m_land.geojson */,
				7D75FC131A8560BD00CA05D4 /* Images.xcassets */,
				7D75FC111A85603800CA05D4 /* attributions */,
			);
			name = resources;
			sourceTree = "<group>";
		};
		9A31FFAB0752B966D88A1AE0 /* Pods */ = {
			isa = PBXGroup;
			children = (
				36DFBBC94E870600BA2AB2FE /* Pods.debug.xcconfig */,
				0EFD368FB6CD328139F3BE06 /* Pods.release.xcconfig */,
				50CBA573252A64B7ADEE02F0 /* Pods-DICETests.release.xcconfig */,
				5AAED81A2E99BC8617B9E1D9 /* Pods-DICETests.debug.xcconfig */,
			);
			name = Pods;
			sourceTree = "<group>";
		};
		E361E45A18D3AA6900E09C1B /* API */ = {
			isa = PBXGroup;
			children = (
				E3B67F681A716A33000B7397 /* JavaScriptAPI.h */,
				E3B67F691A716A33000B7397 /* JavaScriptAPI.m */,
				E3A51FFF18D7579700CE30DD /* ReportAPI.h */,
				E3A5200018D7579700CE30DD /* ReportAPI.m */,
			);
			name = API;
			sourceTree = "<group>";
		};
		E361E45B18D3AA7B00E09C1B /* Model */ = {
			isa = PBXGroup;
			children = (
				7D1432571B20BA440003DD53 /* HtmlReportType.h */,
				7D1432581B20BA440003DD53 /* HtmlReportType.m */,
				E337BCC01811AD7B00D987F9 /* Report.h */,
				E337BCC11811AD7B00D987F9 /* Report.m */,
				7DE513071B0E8A1C0023F1D5 /* ReportStore.h */,
				7DE513081B0E8A1C0023F1D5 /* ReportStore.m */,
				7DCCF0FB1B156F9A001A526B /* ReportType.h */,
				7D14325C1B24AFB00003DD53 /* ImportProcess.h */,
			);
			name = Model;
			sourceTree = "<group>";
		};
		E39D830119DF2B95008357DF /* vfrReader */ = {
			isa = PBXGroup;
			children = (
				E39D830219DF2B95008357DF /* Classes */,
				E39D830919DF2B95008357DF /* Graphics */,
				E39D832319DF2B95008357DF /* Sources */,
			);
			path = vfrReader;
			sourceTree = "<group>";
		};
		E39D830219DF2B95008357DF /* Classes */ = {
			isa = PBXGroup;
			children = (
				E39D830319DF2B95008357DF /* ReaderAppDelegate.h */,
				E39D830419DF2B95008357DF /* ReaderAppDelegate.m */,
				E39D830519DF2B95008357DF /* ReaderBookDelegate.h */,
				E39D830619DF2B95008357DF /* ReaderBookDelegate.m */,
				E39D830719DF2B95008357DF /* ReaderDemoController.h */,
				E39D830819DF2B95008357DF /* ReaderDemoController.m */,
			);
			path = Classes;
			sourceTree = "<group>";
		};
		E39D830919DF2B95008357DF /* Graphics */ = {
			isa = PBXGroup;
			children = (
				E39D830A19DF2B95008357DF /* AppIcon-057.png */,
				E39D830B19DF2B95008357DF /* AppIcon-072.png */,
				E39D830C19DF2B95008357DF /* AppIcon-076.png */,
				E39D830D19DF2B95008357DF /* AppIcon-114.png */,
				E39D830E19DF2B95008357DF /* AppIcon-120.png */,
				E39D830F19DF2B95008357DF /* AppIcon-144.png */,
				E39D831019DF2B95008357DF /* AppIcon-152.png */,
				E39D831119DF2B95008357DF /* AppIcon-180.png */,
				E39D831219DF2B95008357DF /* Default-568h@2x.png */,
				E39D831319DF2B95008357DF /* Reader-Button-H.png */,
				E39D831419DF2B95008357DF /* Reader-Button-H@2x.png */,
				E39D831519DF2B95008357DF /* Reader-Button-N.png */,
				E39D831619DF2B95008357DF /* Reader-Button-N@2x.png */,
				E39D831719DF2B95008357DF /* Reader-Email.png */,
				E39D831819DF2B95008357DF /* Reader-Email@2x.png */,
				E39D831919DF2B95008357DF /* Reader-Export.png */,
				E39D831A19DF2B95008357DF /* Reader-Export@2x.png */,
				E39D831B19DF2B95008357DF /* Reader-Mark-N.png */,
				E39D831C19DF2B95008357DF /* Reader-Mark-N@2x.png */,
				E39D831D19DF2B95008357DF /* Reader-Mark-Y.png */,
				E39D831E19DF2B95008357DF /* Reader-Mark-Y@2x.png */,
				E39D831F19DF2B95008357DF /* Reader-Print.png */,
				E39D832019DF2B95008357DF /* Reader-Print@2x.png */,
				E39D832119DF2B95008357DF /* Reader-Thumbs.png */,
				E39D832219DF2B95008357DF /* Reader-Thumbs@2x.png */,
			);
			path = Graphics;
			sourceTree = "<group>";
		};
		E39D832319DF2B95008357DF /* Sources */ = {
			isa = PBXGroup;
			children = (
				E39D832419DF2B95008357DF /* CGPDFDocument.h */,
				E39D832519DF2B95008357DF /* CGPDFDocument.m */,
				E39D832619DF2B95008357DF /* ReaderConstants.h */,
				E39D832719DF2B95008357DF /* ReaderConstants.m */,
				E39D832819DF2B95008357DF /* ReaderContentPage.h */,
				E39D832919DF2B95008357DF /* ReaderContentPage.m */,
				E39D832A19DF2B95008357DF /* ReaderContentTile.h */,
				E39D832B19DF2B95008357DF /* ReaderContentTile.m */,
				E39D832C19DF2B95008357DF /* ReaderContentView.h */,
				E39D832D19DF2B95008357DF /* ReaderContentView.m */,
				E39D832E19DF2B95008357DF /* ReaderDocument.h */,
				E39D832F19DF2B95008357DF /* ReaderDocument.m */,
				E39D833019DF2B95008357DF /* ReaderDocumentOutline.h */,
				E39D833119DF2B95008357DF /* ReaderDocumentOutline.m */,
				E39D833219DF2B95008357DF /* ReaderMainPagebar.h */,
				E39D833319DF2B95008357DF /* ReaderMainPagebar.m */,
				E39D833419DF2B95008357DF /* ReaderMainToolbar.h */,
				E39D833519DF2B95008357DF /* ReaderMainToolbar.m */,
				E39D833619DF2B95008357DF /* ReaderThumbCache.h */,
				E39D833719DF2B95008357DF /* ReaderThumbCache.m */,
				E39D833819DF2B95008357DF /* ReaderThumbFetch.h */,
				E39D833919DF2B95008357DF /* ReaderThumbFetch.m */,
				E39D833A19DF2B95008357DF /* ReaderThumbQueue.h */,
				E39D833B19DF2B95008357DF /* ReaderThumbQueue.m */,
				E39D833C19DF2B95008357DF /* ReaderThumbRender.h */,
				E39D833D19DF2B95008357DF /* ReaderThumbRender.m */,
				E39D833E19DF2B95008357DF /* ReaderThumbRequest.h */,
				E39D833F19DF2B95008357DF /* ReaderThumbRequest.m */,
				E39D834019DF2B95008357DF /* ReaderThumbsView.h */,
				E39D834119DF2B95008357DF /* ReaderThumbsView.m */,
				E39D834219DF2B95008357DF /* ReaderThumbView.h */,
				E39D834319DF2B95008357DF /* ReaderThumbView.m */,
				E39D834419DF2B95008357DF /* ReaderViewController.h */,
				E39D834519DF2B95008357DF /* ReaderViewController.m */,
				E39D834619DF2B95008357DF /* ThumbsMainToolbar.h */,
				E39D834719DF2B95008357DF /* ThumbsMainToolbar.m */,
				E39D834819DF2B95008357DF /* ThumbsViewController.h */,
				E39D834919DF2B95008357DF /* ThumbsViewController.m */,
				E39D834A19DF2B95008357DF /* UIXToolbarView.h */,
				E39D834B19DF2B95008357DF /* UIXToolbarView.m */,
			);
			path = Sources;
			sourceTree = "<group>";
		};
		E39DF1A718C69DCF00B13D46 /* Settings View */ = {
			isa = PBXGroup;
			children = (
				E39DF1A818C69DEB00B13D46 /* SettingsViewController.h */,
				E39DF1A918C69DEB00B13D46 /* SettingsViewController.m */,
				7DF1E2501ACF14CE001EA27E /* SettingsViewController+SettingsViewController_iPhone.m */,
			);
			name = "Settings View";
			sourceTree = "<group>";
		};
		E3AC40F8198ADA3900DE8F41 /* utilities */ = {
			isa = PBXGroup;
			children = (
				E3AC40F9198ADA3900DE8F41 /* OfflineMapUtility.h */,
				E3AC40FA198ADA3900DE8F41 /* OfflineMapUtility.m */,
				7DA393EE1A1EA09000DE9649 /* ResourceTypes.h */,
				7DA393EF1A1EA09000DE9649 /* ResourceTypes.m */,
				7D1432541B20B8660003DD53 /* UnzipOperation.h */,
				7D1432551B20B8660003DD53 /* UnzipOperation.m */,
				7D14325B1B2226020003DD53 /* SimpleFileManager.h */,
				7D3E07901B6142250077ABCA /* DeleteFileOperation.h */,
				7D3E07911B6142250077ABCA /* DeleteFileOperation.m */,
				7D3E07931B61449F0077ABCA /* BaseImportProcess.h */,
				7D3E07941B61449F0077ABCA /* BaseImportProcess.m */,
			);
			path = utilities;
			sourceTree = "<group>";
		};
		E3F3A4481857CDB600253290 /* Tile View */ = {
			isa = PBXGroup;
			children = (
				E3D7820C18517375001BB04B /* ReportViewCell.h */,
				E3D7820D18517375001BB04B /* ReportViewCell.m */,
				E3D7820918516C6A001BB04B /* TileViewController.h */,
				E3D7820A18516C6A001BB04B /* TileViewController.m */,
			);
			name = "Tile View";
			sourceTree = "<group>";
		};
		E3F3A4491857CDD600253290 /* Map View */ = {
			isa = PBXGroup;
			children = (
				E3A73FBE1855585200035C76 /* MapViewController.h */,
				E3A73FBF1855585200035C76 /* MapViewController.m */,
				E3A73FC1185559FC00035C76 /* ReportMapAnnotation.h */,
				E3A73FC2185559FC00035C76 /* ReportMapAnnotation.m */,
			);
			name = "Map View";
			sourceTree = "<group>";
		};
		E3F3A44A1857CDE400253290 /* Report View */ = {
			isa = PBXGroup;
			children = (
				E3BC6EE2192E7A8700096EE5 /* HTMLViewController.h */,
				E3BC6EE3192E7A8700096EE5 /* HTMLViewController.m */,
				E3F3A44C1857D0DE00253290 /* NoteViewController.h */,
				E3F3A44D1857D0DE00253290 /* NoteViewController.m */,
				E39D837C19DF3B8A008357DF /* PDFViewController.h */,
				E39D837D19DF3B8A008357DF /* PDFViewController.m */,
				7D4E1C531A1FAB44002762B3 /* ReportResourceViewController.h */,
				7D4E1C541A1FAB44002762B3 /* ReportResourceViewController.m */,
			);
			name = "Report View";
			sourceTree = "<group>";
		};
		E3F3A44B1857CDF100253290 /* List View */ = {
			isa = PBXGroup;
			children = (
				E3BC6EDF192E7A7B00096EE5 /* ListViewController.h */,
				E3BC6EE0192E7A7B00096EE5 /* ListViewController.m */,
			);
			name = "List View";
			sourceTree = "<group>";
		};
		E3FBB2F917C9527000E133D6 = {
			isa = PBXGroup;
			children = (
				E39D830119DF2B95008357DF /* vfrReader */,
				E3FBB30B17C9527000E133D6 /* DICE */,
				7D4E1C471A1F9475002762B3 /* DICETests */,
				E3FBB30417C9527000E133D6 /* Frameworks */,
				E3FBB30317C9527000E133D6 /* Products */,
				9A31FFAB0752B966D88A1AE0 /* Pods */,
			);
			sourceTree = "<group>";
		};
		E3FBB30317C9527000E133D6 /* Products */ = {
			isa = PBXGroup;
			children = (
				E3FBB30217C9527000E133D6 /* DICE.app */,
				7D4E1C461A1F9475002762B3 /* DICETests.xctest */,
			);
			name = Products;
			sourceTree = "<group>";
		};
		E3FBB30417C9527000E133D6 /* Frameworks */ = {
			isa = PBXGroup;
			children = (
				7DA706B61A158E3800B558EC /* MobileCoreServices.framework */,
				7D0B49201A0D49B50044236B /* OpenGLES.framework */,
				7D0B491E1A0D49790044236B /* libsqlite3.dylib */,
				7D0B491C1A0D49610044236B /* libicucore.dylib */,
				7D0B491A1A0D48FB0044236B /* Security.framework */,
				7D0B49181A0D48CF0044236B /* CFNetwork.framework */,
				7D0B49161A0D489D0044236B /* CoreData.framework */,
				E3E133CC19D6708300C2D37E /* QuickLook.framework */,
				E3E133CA19D6096300C2D37E /* MessageUI.framework */,
				E3E133C819D6095900C2D37E /* ImageIO.framework */,
				E3E133C619D6095000C2D37E /* QuartzCore.framework */,
				E32C6C2C17D7C1AB00D694C5 /* libz.dylib */,
				E3AC40FE198ADCC700DE8F41 /* CoreLocation.framework */,
				E3A73FC418558F7A00035C76 /* MapKit.framework */,
				E3FBB30517C9527000E133D6 /* UIKit.framework */,
				E3FBB30717C9527000E133D6 /* Foundation.framework */,
				E3FBB30917C9527000E133D6 /* CoreGraphics.framework */,
				FC63C8C3A5584AA4A5E44F92 /* libPods-DICE.a */,
				B73CA51504D8A8B497186523 /* libPods.a */,
				5EC182CE7857459FD4736E05 /* libPods-DICETests.a */,
			);
			name = Frameworks;
			sourceTree = "<group>";
		};
		E3FBB30B17C9527000E133D6 /* DICE */ = {
			isa = PBXGroup;
			children = (
				7D75FC101A85602200CA05D4 /* resources */,
				E3AC40F8198ADA3900DE8F41 /* utilities */,
				E361E45B18D3AA7B00E09C1B /* Model */,
				E361E45A18D3AA6900E09C1B /* API */,
				E39DF1A718C69DCF00B13D46 /* Settings View */,
				E3F3A4481857CDB600253290 /* Tile View */,
				E3F3A44B1857CDF100253290 /* List View */,
				E3F3A4491857CDD600253290 /* Map View */,
				E3F3A44A1857CDE400253290 /* Report View */,
				E3FBB30C17C9527000E133D6 /* Supporting Files */,
				7D0B9A291ACDAAC400359E7D /* MainStoryboard-iPad.storyboard */,
				7DF1E24D1ACEF02D001EA27E /* MainStoryboard-iPhone.storyboard */,
				E3FBB31417C9527000E133D6 /* AppDelegate.h */,
				E3FBB31517C9527000E133D6 /* AppDelegate.m */,
				7D2FBD171A1C098E003D9946 /* ReportCollectionViewController.h */,
				7D2FBD181A1C098E003D9946 /* ReportCollectionViewController.m */,
				7DA393EC1A1E6A0A00DE9649 /* ReportCollectionView.h */,
				7D172A6A1A2E59E1001EF965 /* DICENavigationController.h */,
				7D172A6B1A2E59E1001EF965 /* DICENavigationController.m */,
				E3EF82501A898A3F006513CA /* DisclaimerViewController.h */,
				E3EF82511A898A3F006513CA /* DisclaimerViewController.m */,
			);
			path = DICE;
			sourceTree = "<group>";
		};
		E3FBB30C17C9527000E133D6 /* Supporting Files */ = {
			isa = PBXGroup;
			children = (
				E3FBB30D17C9527000E133D6 /* DICE-Info.plist */,
				E3FBB31317C9527000E133D6 /* DICE-Prefix.pch */,
				E3FBB30E17C9527000E133D6 /* InfoPlist.strings */,
				E3FBB31117C9527000E133D6 /* main.m */,
			);
			name = "Supporting Files";
			sourceTree = "<group>";
		};
/* End PBXGroup section */

/* Begin PBXNativeTarget section */
		7D4E1C451A1F9475002762B3 /* DICETests */ = {
			isa = PBXNativeTarget;
			buildConfigurationList = 7D4E1C4E1A1F9475002762B3 /* Build configuration list for PBXNativeTarget "DICETests" */;
			buildPhases = (
				460ABEA186BBD82541BEC391 /* Check Pods Manifest.lock */,
				7D4E1C421A1F9475002762B3 /* Sources */,
				7D4E1C431A1F9475002762B3 /* Frameworks */,
				7D4E1C441A1F9475002762B3 /* Resources */,
				42558DF08CA9D7B06CA085BC /* Copy Pods Resources */,
			);
			buildRules = (
			);
			dependencies = (
				7D4E1C4D1A1F9475002762B3 /* PBXTargetDependency */,
			);
			name = DICETests;
			productName = DICETests;
			productReference = 7D4E1C461A1F9475002762B3 /* DICETests.xctest */;
			productType = "com.apple.product-type.bundle.unit-test";
		};
		E3FBB30117C9527000E133D6 /* DICE */ = {
			isa = PBXNativeTarget;
			buildConfigurationList = E3FBB32B17C9527000E133D6 /* Build configuration list for PBXNativeTarget "DICE" */;
			buildPhases = (
				66865F0E56CA411BA0814D2A /* Check Pods Manifest.lock */,
				E3FBB2FE17C9527000E133D6 /* Sources */,
				E3FBB2FF17C9527000E133D6 /* Frameworks */,
				E3FBB30017C9527000E133D6 /* Resources */,
				7BD0A6ABA149474EAF5B7878 /* Copy Pods Resources */,
			);
			buildRules = (
			);
			dependencies = (
			);
			name = DICE;
			productName = DICE;
			productReference = E3FBB30217C9527000E133D6 /* DICE.app */;
			productType = "com.apple.product-type.application";
		};
/* End PBXNativeTarget section */

/* Begin PBXProject section */
		E3FBB2FA17C9527000E133D6 /* Project object */ = {
			isa = PBXProject;
			attributes = {
				LastUpgradeCheck = 0500;
				ORGANIZATIONNAME = mil.nga;
				TargetAttributes = {
					7D4E1C451A1F9475002762B3 = {
						CreatedOnToolsVersion = 6.1;
						DevelopmentTeam = PDRAS7XQ3Y;
						TestTargetID = E3FBB30117C9527000E133D6;
					};
					E3FBB30117C9527000E133D6 = {
						DevelopmentTeam = A8EK924J35;
					};
				};
			};
			buildConfigurationList = E3FBB2FD17C9527000E133D6 /* Build configuration list for PBXProject "DICE" */;
			compatibilityVersion = "Xcode 3.2";
			developmentRegion = English;
			hasScannedForEncodings = 0;
			knownRegions = (
				en,
			);
			mainGroup = E3FBB2F917C9527000E133D6;
			productRefGroup = E3FBB30317C9527000E133D6 /* Products */;
			projectDirPath = "";
			projectRoot = "";
			targets = (
				E3FBB30117C9527000E133D6 /* DICE */,
				7D4E1C451A1F9475002762B3 /* DICETests */,
			);
		};
/* End PBXProject section */

/* Begin PBXResourcesBuildPhase section */
		7D4E1C441A1F9475002762B3 /* Resources */ = {
			isa = PBXResourcesBuildPhase;
			buildActionMask = 2147483647;
			files = (
			);
			runOnlyForDeploymentPostprocessing = 0;
		};
		E3FBB30017C9527000E133D6 /* Resources */ = {
			isa = PBXResourcesBuildPhase;
			buildActionMask = 2147483647;
			files = (
				7D75FC141A8560BD00CA05D4 /* Images.xcassets in Resources */,
				7D75FC121A85603800CA05D4 /* attributions in Resources */,
				7D75FBFA1A852C9400CA05D4 /* ne_50m-110m_land.geojson in Resources */,
				E39D830019DC643D008357DF /* Icon-76@2x.png in Resources */,
				E39D835319DF2B95008357DF /* AppIcon-120.png in Resources */,
				E3FBB31017C9527000E133D6 /* InfoPlist.strings in Resources */,
				E39D835B19DF2B95008357DF /* Reader-Button-N@2x.png in Resources */,
				E39D836319DF2B95008357DF /* Reader-Mark-Y@2x.png in Resources */,
				E39D836619DF2B95008357DF /* Reader-Thumbs.png in Resources */,
				E39D836719DF2B95008357DF /* Reader-Thumbs@2x.png in Resources */,
				7DF1E24E1ACEF02D001EA27E /* MainStoryboard-iPhone.storyboard in Resources */,
				E39D835419DF2B95008357DF /* AppIcon-144.png in Resources */,
				E39D835919DF2B95008357DF /* Reader-Button-H@2x.png in Resources */,
				E39D836219DF2B95008357DF /* Reader-Mark-Y.png in Resources */,
				E39D835619DF2B95008357DF /* AppIcon-180.png in Resources */,
				7D0B9A2A1ACDAAC400359E7D /* MainStoryboard-iPad.storyboard in Resources */,
				E39D835719DF2B95008357DF /* Default-568h@2x.png in Resources */,
				E39D835019DF2B95008357DF /* AppIcon-072.png in Resources */,
				E39D835519DF2B95008357DF /* AppIcon-152.png in Resources */,
				E39D836419DF2B95008357DF /* Reader-Print.png in Resources */,
				E39D835F19DF2B95008357DF /* Reader-Export@2x.png in Resources */,
				E39D835819DF2B95008357DF /* Reader-Button-H.png in Resources */,
				E39D835D19DF2B95008357DF /* Reader-Email@2x.png in Resources */,
				E39D834F19DF2B95008357DF /* AppIcon-057.png in Resources */,
				E39D836119DF2B95008357DF /* Reader-Mark-N@2x.png in Resources */,
				E39D835E19DF2B95008357DF /* Reader-Export.png in Resources */,
				E39D835A19DF2B95008357DF /* Reader-Button-N.png in Resources */,
				E39D835C19DF2B95008357DF /* Reader-Email.png in Resources */,
				E39D836019DF2B95008357DF /* Reader-Mark-N.png in Resources */,
				E39D835119DF2B95008357DF /* AppIcon-076.png in Resources */,
				E39D836519DF2B95008357DF /* Reader-Print@2x.png in Resources */,
				E39D835219DF2B95008357DF /* AppIcon-114.png in Resources */,
			);
			runOnlyForDeploymentPostprocessing = 0;
		};
/* End PBXResourcesBuildPhase section */

/* Begin PBXShellScriptBuildPhase section */
		42558DF08CA9D7B06CA085BC /* Copy Pods Resources */ = {
			isa = PBXShellScriptBuildPhase;
			buildActionMask = 2147483647;
			files = (
			);
			inputPaths = (
			);
			name = "Copy Pods Resources";
			outputPaths = (
			);
			runOnlyForDeploymentPostprocessing = 0;
			shellPath = /bin/sh;
			shellScript = "\"${SRCROOT}/Pods/Target Support Files/Pods-DICETests/Pods-DICETests-resources.sh\"\n";
			showEnvVarsInLog = 0;
		};
		460ABEA186BBD82541BEC391 /* Check Pods Manifest.lock */ = {
			isa = PBXShellScriptBuildPhase;
			buildActionMask = 2147483647;
			files = (
			);
			inputPaths = (
			);
			name = "Check Pods Manifest.lock";
			outputPaths = (
			);
			runOnlyForDeploymentPostprocessing = 0;
			shellPath = /bin/sh;
			shellScript = "diff \"${PODS_ROOT}/../Podfile.lock\" \"${PODS_ROOT}/Manifest.lock\" > /dev/null\nif [[ $? != 0 ]] ; then\n    cat << EOM\nerror: The sandbox is not in sync with the Podfile.lock. Run 'pod install' or update your CocoaPods installation.\nEOM\n    exit 1\nfi\n";
			showEnvVarsInLog = 0;
		};
		66865F0E56CA411BA0814D2A /* Check Pods Manifest.lock */ = {
			isa = PBXShellScriptBuildPhase;
			buildActionMask = 2147483647;
			files = (
			);
			inputPaths = (
			);
			name = "Check Pods Manifest.lock";
			outputPaths = (
			);
			runOnlyForDeploymentPostprocessing = 0;
			shellPath = /bin/sh;
			shellScript = "diff \"${PODS_ROOT}/../Podfile.lock\" \"${PODS_ROOT}/Manifest.lock\" > /dev/null\nif [[ $? != 0 ]] ; then\n    cat << EOM\nerror: The sandbox is not in sync with the Podfile.lock. Run 'pod install' or update your CocoaPods installation.\nEOM\n    exit 1\nfi\n";
			showEnvVarsInLog = 0;
		};
		7BD0A6ABA149474EAF5B7878 /* Copy Pods Resources */ = {
			isa = PBXShellScriptBuildPhase;
			buildActionMask = 2147483647;
			files = (
			);
			inputPaths = (
			);
			name = "Copy Pods Resources";
			outputPaths = (
			);
			runOnlyForDeploymentPostprocessing = 0;
			shellPath = /bin/sh;
			shellScript = "\"${SRCROOT}/Pods/Target Support Files/Pods/Pods-resources.sh\"\n";
			showEnvVarsInLog = 0;
		};
/* End PBXShellScriptBuildPhase section */

/* Begin PBXSourcesBuildPhase section */
		7D4E1C421A1F9475002762B3 /* Sources */ = {
			isa = PBXSourcesBuildPhase;
			buildActionMask = 2147483647;
			files = (
				7D4E1C521A1F94A5002762B3 /* ResourceTypesTests.m in Sources */,
				7DE5130B1B0F65EF0023F1D5 /* HtmlReportTypeSpec.m in Sources */,
				7D1432531B165B990003DD53 /* ReportStoreSpec.m in Sources */,
			);
			runOnlyForDeploymentPostprocessing = 0;
		};
		E3FBB2FE17C9527000E133D6 /* Sources */ = {
			isa = PBXSourcesBuildPhase;
			buildActionMask = 2147483647;
			files = (
				E39D837119DF2B95008357DF /* ReaderThumbCache.m in Sources */,
				E39D837819DF2B95008357DF /* ReaderViewController.m in Sources */,
				E39D834C19DF2B95008357DF /* ReaderAppDelegate.m in Sources */,
				E39D837319DF2B95008357DF /* ReaderThumbQueue.m in Sources */,
				E3FBB31217C9527000E133D6 /* main.m in Sources */,
				E3FBB31617C9527000E133D6 /* AppDelegate.m in Sources */,
				E39D836C19DF2B95008357DF /* ReaderContentView.m in Sources */,
				7D2FBD191A1C098E003D9946 /* ReportCollectionViewController.m in Sources */,
				E3EF82521A898A3F006513CA /* DisclaimerViewController.m in Sources */,
				E3D7820E18517375001BB04B /* ReportViewCell.m in Sources */,
				7DA393F01A1EA09000DE9649 /* ResourceTypes.m in Sources */,
				E39D837419DF2B95008357DF /* ReaderThumbRender.m in Sources */,
				E39D837719DF2B95008357DF /* ReaderThumbView.m in Sources */,
				E39D837B19DF2B95008357DF /* UIXToolbarView.m in Sources */,
				7DF1E2511ACF14CE001EA27E /* SettingsViewController+SettingsViewController_iPhone.m in Sources */,
				E39D837019DF2B95008357DF /* ReaderMainToolbar.m in Sources */,
				7DE513091B0E8A1C0023F1D5 /* ReportStore.m in Sources */,
				E39D837A19DF2B95008357DF /* ThumbsViewController.m in Sources */,
				E39DF1AA18C69DEB00B13D46 /* SettingsViewController.m in Sources */,
				E39D836A19DF2B95008357DF /* ReaderContentPage.m in Sources */,
				7D3E07921B6142250077ABCA /* DeleteFileOperation.m in Sources */,
				E39D836919DF2B95008357DF /* ReaderConstants.m in Sources */,
				E337BCC21811AD7B00D987F9 /* Report.m in Sources */,
				E3A73FC01855585200035C76 /* MapViewController.m in Sources */,
				E39D837619DF2B95008357DF /* ReaderThumbsView.m in Sources */,
				7D3E07951B61449F0077ABCA /* BaseImportProcess.m in Sources */,
				E3BC6EE4192E7A8700096EE5 /* HTMLViewController.m in Sources */,
				7D4E1C551A1FAB44002762B3 /* ReportResourceViewController.m in Sources */,
				E39D837519DF2B95008357DF /* ReaderThumbRequest.m in Sources */,
				E39D834D19DF2B95008357DF /* ReaderBookDelegate.m in Sources */,
				E39D836E19DF2B95008357DF /* ReaderDocumentOutline.m in Sources */,
				E39D837919DF2B95008357DF /* ThumbsMainToolbar.m in Sources */,
				E3D7820B18516C6A001BB04B /* TileViewController.m in Sources */,
				E3B67F6A1A716A33000B7397 /* JavaScriptAPI.m in Sources */,
				E3AC40FB198ADA3900DE8F41 /* OfflineMapUtility.m in Sources */,
				E3F3A44E1857D0DE00253290 /* NoteViewController.m in Sources */,
				E3BC6EE1192E7A7B00096EE5 /* ListViewController.m in Sources */,
				E39D836B19DF2B95008357DF /* ReaderContentTile.m in Sources */,
				E39D834E19DF2B95008357DF /* ReaderDemoController.m in Sources */,
				E39D837219DF2B95008357DF /* ReaderThumbFetch.m in Sources */,
				7D172A6C1A2E59E1001EF965 /* DICENavigationController.m in Sources */,
				7D1432561B20B8660003DD53 /* UnzipOperation.m in Sources */,
				E3A5200118D7579700CE30DD /* ReportAPI.m in Sources */,
				E3A73FC3185559FC00035C76 /* ReportMapAnnotation.m in Sources */,
				E39D836819DF2B95008357DF /* CGPDFDocument.m in Sources */,
				E39D837E19DF3B8A008357DF /* PDFViewController.m in Sources */,
				E39D836D19DF2B95008357DF /* ReaderDocument.m in Sources */,
				7D1432591B20BA440003DD53 /* HtmlReportType.m in Sources */,
				E39D836F19DF2B95008357DF /* ReaderMainPagebar.m in Sources */,
			);
			runOnlyForDeploymentPostprocessing = 0;
		};
/* End PBXSourcesBuildPhase section */

/* Begin PBXTargetDependency section */
		7D4E1C4D1A1F9475002762B3 /* PBXTargetDependency */ = {
			isa = PBXTargetDependency;
			target = E3FBB30117C9527000E133D6 /* DICE */;
			targetProxy = 7D4E1C4C1A1F9475002762B3 /* PBXContainerItemProxy */;
		};
/* End PBXTargetDependency section */

/* Begin PBXVariantGroup section */
		E3FBB30E17C9527000E133D6 /* InfoPlist.strings */ = {
			isa = PBXVariantGroup;
			children = (
				E3FBB30F17C9527000E133D6 /* en */,
			);
			name = InfoPlist.strings;
			sourceTree = "<group>";
		};
/* End PBXVariantGroup section */

/* Begin XCBuildConfiguration section */
		7D4E1C4F1A1F9475002762B3 /* Debug */ = {
			isa = XCBuildConfiguration;
			baseConfigurationReference = 5AAED81A2E99BC8617B9E1D9 /* Pods-DICETests.debug.xcconfig */;
			buildSettings = {
				BUNDLE_LOADER = "$(TEST_HOST)";
				CLANG_CXX_LANGUAGE_STANDARD = "gnu++0x";
				CLANG_CXX_LIBRARY = "libc++";
				CLANG_ENABLE_MODULES = NO;
				CLANG_WARN_BOOL_CONVERSION = YES;
				CLANG_WARN_DIRECT_OBJC_ISA_USAGE = YES_ERROR;
				CLANG_WARN_OBJC_ROOT_CLASS = YES_ERROR;
				CLANG_WARN_UNREACHABLE_CODE = YES;
				ENABLE_STRICT_OBJC_MSGSEND = YES;
				FRAMEWORK_SEARCH_PATHS = (
					"$(SDKROOT)/Developer/Library/Frameworks",
					"$(inherited)",
				);
				GCC_PREPROCESSOR_DEFINITIONS = (
					"DEBUG=1",
					"$(inherited)",
				);
				GCC_WARN_64_TO_32_BIT_CONVERSION = YES;
				GCC_WARN_ABOUT_RETURN_TYPE = YES_ERROR;
				GCC_WARN_UNDECLARED_SELECTOR = YES;
				GCC_WARN_UNINITIALIZED_AUTOS = YES_AGGRESSIVE;
				GCC_WARN_UNUSED_FUNCTION = YES;
				INFOPLIST_FILE = DICETests/Info.plist;
				IPHONEOS_DEPLOYMENT_TARGET = 6.0;
				LD_RUNPATH_SEARCH_PATHS = "$(inherited) @executable_path/Frameworks @loader_path/Frameworks";
				MTL_ENABLE_DEBUG_INFO = YES;
				PRODUCT_NAME = "$(TARGET_NAME)";
				TEST_HOST = "$(BUILT_PRODUCTS_DIR)/DICE.app/DICE";
			};
			name = Debug;
		};
		7D4E1C501A1F9475002762B3 /* Release */ = {
			isa = XCBuildConfiguration;
			baseConfigurationReference = 50CBA573252A64B7ADEE02F0 /* Pods-DICETests.release.xcconfig */;
			buildSettings = {
				BUNDLE_LOADER = "$(TEST_HOST)";
				CLANG_CXX_LANGUAGE_STANDARD = "gnu++0x";
				CLANG_CXX_LIBRARY = "libc++";
				CLANG_ENABLE_MODULES = NO;
				CLANG_WARN_BOOL_CONVERSION = YES;
				CLANG_WARN_DIRECT_OBJC_ISA_USAGE = YES_ERROR;
				CLANG_WARN_OBJC_ROOT_CLASS = YES_ERROR;
				CLANG_WARN_UNREACHABLE_CODE = YES;
				ENABLE_NS_ASSERTIONS = NO;
				ENABLE_STRICT_OBJC_MSGSEND = YES;
				FRAMEWORK_SEARCH_PATHS = (
					"$(SDKROOT)/Developer/Library/Frameworks",
					"$(inherited)",
				);
				GCC_WARN_64_TO_32_BIT_CONVERSION = YES;
				GCC_WARN_ABOUT_RETURN_TYPE = YES_ERROR;
				GCC_WARN_UNDECLARED_SELECTOR = YES;
				GCC_WARN_UNINITIALIZED_AUTOS = YES_AGGRESSIVE;
				GCC_WARN_UNUSED_FUNCTION = YES;
				INFOPLIST_FILE = DICETests/Info.plist;
				IPHONEOS_DEPLOYMENT_TARGET = 6.0;
				LD_RUNPATH_SEARCH_PATHS = "$(inherited) @executable_path/Frameworks @loader_path/Frameworks";
				MTL_ENABLE_DEBUG_INFO = NO;
				PRODUCT_NAME = "$(TARGET_NAME)";
				TEST_HOST = "$(BUILT_PRODUCTS_DIR)/DICE.app/DICE";
			};
			name = Release;
		};
		E3FBB32917C9527000E133D6 /* Debug */ = {
			isa = XCBuildConfiguration;
			buildSettings = {
				ALWAYS_SEARCH_USER_PATHS = NO;
				CLANG_CXX_LANGUAGE_STANDARD = "compiler-default";
				CLANG_CXX_LIBRARY = "compiler-default";
				CLANG_ENABLE_OBJC_ARC = YES;
				CLANG_WARN_CONSTANT_CONVERSION = YES;
				CLANG_WARN_EMPTY_BODY = YES;
				CLANG_WARN_ENUM_CONVERSION = YES;
				CLANG_WARN_INT_CONVERSION = YES;
				CLANG_WARN__DUPLICATE_METHOD_MATCH = YES;
				"CODE_SIGN_IDENTITY[sdk=iphoneos*]" = "iPhone Developer";
				COPY_PHASE_STRIP = NO;
				GCC_C_LANGUAGE_STANDARD = gnu99;
				GCC_DYNAMIC_NO_PIC = NO;
				GCC_OPTIMIZATION_LEVEL = 0;
				GCC_PREPROCESSOR_DEFINITIONS = (
					C_CODE,
					"DEBUG=1",
					"$(inherited)",
				);
				GCC_SYMBOLS_PRIVATE_EXTERN = NO;
				GCC_WARN_ABOUT_RETURN_TYPE = YES;
				GCC_WARN_UNINITIALIZED_AUTOS = YES;
				GCC_WARN_UNUSED_VARIABLE = YES;
				IPHONEOS_DEPLOYMENT_TARGET = 7.0;
				ONLY_ACTIVE_ARCH = YES;
				OTHER_LDFLAGS = "-ObjC";
				SDKROOT = iphoneos;
				TARGETED_DEVICE_FAMILY = "1,2";
			};
			name = Debug;
		};
		E3FBB32A17C9527000E133D6 /* Release */ = {
			isa = XCBuildConfiguration;
			buildSettings = {
				ALWAYS_SEARCH_USER_PATHS = NO;
				CLANG_CXX_LANGUAGE_STANDARD = "compiler-default";
				CLANG_CXX_LIBRARY = "compiler-default";
				CLANG_ENABLE_OBJC_ARC = YES;
				CLANG_WARN_CONSTANT_CONVERSION = YES;
				CLANG_WARN_EMPTY_BODY = YES;
				CLANG_WARN_ENUM_CONVERSION = YES;
				CLANG_WARN_INT_CONVERSION = YES;
				CLANG_WARN__DUPLICATE_METHOD_MATCH = YES;
				"CODE_SIGN_IDENTITY[sdk=iphoneos*]" = "iPhone Developer";
				COPY_PHASE_STRIP = YES;
				GCC_C_LANGUAGE_STANDARD = gnu99;
				GCC_PREPROCESSOR_DEFINITIONS = C_CODE;
				GCC_WARN_ABOUT_RETURN_TYPE = YES;
				GCC_WARN_UNINITIALIZED_AUTOS = YES;
				GCC_WARN_UNUSED_VARIABLE = YES;
				IPHONEOS_DEPLOYMENT_TARGET = 7.0;
				OTHER_CFLAGS = "-DNS_BLOCK_ASSERTIONS=1";
				OTHER_LDFLAGS = "-ObjC";
				SDKROOT = iphoneos;
				TARGETED_DEVICE_FAMILY = "1,2";
				VALIDATE_PRODUCT = YES;
			};
			name = Release;
		};
		E3FBB32C17C9527000E133D6 /* Debug */ = {
			isa = XCBuildConfiguration;
			baseConfigurationReference = 36DFBBC94E870600BA2AB2FE /* Pods.debug.xcconfig */;
			buildSettings = {
				ASSETCATALOG_COMPILER_APPICON_NAME = AppIcon;
				ASSETCATALOG_COMPILER_LAUNCHIMAGE_NAME = LaunchImage;
				CLANG_CXX_LANGUAGE_STANDARD = "compiler-default";
				CLANG_CXX_LIBRARY = "compiler-default";
				CODE_SIGN_IDENTITY = "iPhone Developer";
				"CODE_SIGN_IDENTITY[sdk=iphoneos*]" = "iPhone Developer";
				GCC_PRECOMPILE_PREFIX_HEADER = YES;
				GCC_PREFIX_HEADER = "DICE/DICE-Prefix.pch";
				INFOPLIST_FILE = "DICE/DICE-Info.plist";
				IPHONEOS_DEPLOYMENT_TARGET = 7.0;
				PRODUCT_NAME = DICE;
				PROVISIONING_PROFILE = "";
				TARGETED_DEVICE_FAMILY = "1,2";
				WRAPPER_EXTENSION = app;
			};
			name = Debug;
		};
		E3FBB32D17C9527000E133D6 /* Release */ = {
			isa = XCBuildConfiguration;
			baseConfigurationReference = 0EFD368FB6CD328139F3BE06 /* Pods.release.xcconfig */;
			buildSettings = {
				ASSETCATALOG_COMPILER_APPICON_NAME = AppIcon;
				ASSETCATALOG_COMPILER_LAUNCHIMAGE_NAME = LaunchImage;
				CLANG_CXX_LANGUAGE_STANDARD = "compiler-default";
				CLANG_CXX_LIBRARY = "compiler-default";
				CODE_SIGN_IDENTITY = "iPhone Developer";
				"CODE_SIGN_IDENTITY[sdk=iphoneos*]" = "iPhone Developer";
				GCC_PRECOMPILE_PREFIX_HEADER = YES;
				GCC_PREFIX_HEADER = "DICE/DICE-Prefix.pch";
				INFOPLIST_FILE = "DICE/DICE-Info.plist";
				IPHONEOS_DEPLOYMENT_TARGET = 7.0;
				PRODUCT_NAME = DICE;
				PROVISIONING_PROFILE = "";
				TARGETED_DEVICE_FAMILY = "1,2";
				WRAPPER_EXTENSION = app;
			};
			name = Release;
		};
/* End XCBuildConfiguration section */

/* Begin XCConfigurationList section */
		7D4E1C4E1A1F9475002762B3 /* Build configuration list for PBXNativeTarget "DICETests" */ = {
			isa = XCConfigurationList;
			buildConfigurations = (
				7D4E1C4F1A1F9475002762B3 /* Debug */,
				7D4E1C501A1F9475002762B3 /* Release */,
			);
			defaultConfigurationIsVisible = 0;
			defaultConfigurationName = Release;
		};
		E3FBB2FD17C9527000E133D6 /* Build configuration list for PBXProject "DICE" */ = {
			isa = XCConfigurationList;
			buildConfigurations = (
				E3FBB32917C9527000E133D6 /* Debug */,
				E3FBB32A17C9527000E133D6 /* Release */,
			);
			defaultConfigurationIsVisible = 0;
			defaultConfigurationName = Release;
		};
		E3FBB32B17C9527000E133D6 /* Build configuration list for PBXNativeTarget "DICE" */ = {
			isa = XCConfigurationList;
			buildConfigurations = (
				E3FBB32C17C9527000E133D6 /* Debug */,
				E3FBB32D17C9527000E133D6 /* Release */,
			);
			defaultConfigurationIsVisible = 0;
			defaultConfigurationName = Release;
		};
/* End XCConfigurationList section */
	};
	rootObject = E3FBB2FA17C9527000E133D6 /* Project object */;
}
